// !$*UTF8*$!
{
	archiveVersion = 1;
	classes = {
	};
	objectVersion = 77;
	objects = {

/* Begin PBXBuildFile section */
		42A55ABD39EE94ACC4B96D3B /* Pods_StaticViewDemo.framework in Frameworks */ = {isa = PBXBuildFile; fileRef = 818DBD82D87575BB7B971D2C /* Pods_StaticViewDemo.framework */; };
		9C7EB0252F3704D100D236EA /* TVUPLLoginRow.m in Sources */ = {isa = PBXBuildFile; fileRef = 9C7EB0242F3704D100D236EA /* TVUPLLoginRow.m */; };
		9CA7BE6F2F2506E300272432 /* TVUPLViewData.m in Sources */ = {isa = PBXBuildFile; fileRef = 9CA7BE6E2F2506E300272432 /* TVUPLViewData.m */; };
		9CA7BE722F25075400272432 /* TVUPLLabelData.m in Sources */ = {isa = PBXBuildFile; fileRef = 9CA7BE712F25075400272432 /* TVUPLLabelData.m */; };
		9CA7BE752F25076300272432 /* TVUPLImageData.m in Sources */ = {isa = PBXBuildFile; fileRef = 9CA7BE742F25076300272432 /* TVUPLImageData.m */; };
		9CAF89932EEEA3C800CFEE69 /* AppDelegate.m in Sources */ = {isa = PBXBuildFile; fileRef = 9CAF89862EEEA3C800CFEE69 /* AppDelegate.m */; };
		9CAF89942EEEA3C800CFEE69 /* main.m in Sources */ = {isa = PBXBuildFile; fileRef = 9CAF898B2EEEA3C800CFEE69 /* main.m */; };
		9CAF89952EEEA3C800CFEE69 /* SceneDelegate.m in Sources */ = {isa = PBXBuildFile; fileRef = 9CAF898F2EEEA3C800CFEE69 /* SceneDelegate.m */; };
		9CAF89962EEEA3C800CFEE69 /* ViewController.m in Sources */ = {isa = PBXBuildFile; fileRef = 9CAF89912EEEA3C800CFEE69 /* ViewController.m */; };
		9CAF89972EEEA3C800CFEE69 /* Assets.xcassets in Resources */ = {isa = PBXBuildFile; fileRef = 9CAF89872EEEA3C800CFEE69 /* Assets.xcassets */; };
		9CAF89992EEEA3C800CFEE69 /* LaunchScreen.storyboard in Resources */ = {isa = PBXBuildFile; fileRef = 9CAF898A2EEEA3C800CFEE69 /* LaunchScreen.storyboard */; };
		9CAF899A2EEEA3C800CFEE69 /* Main.storyboard in Resources */ = {isa = PBXBuildFile; fileRef = 9CAF898D2EEEA3C800CFEE69 /* Main.storyboard */; };
		9CAF89A32EEEA42E00CFEE69 /* TVUStaticView.m in Sources */ = {isa = PBXBuildFile; fileRef = 9CAF89A12EEEA42E00CFEE69 /* TVUStaticView.m */; };
		9CAF89AB2EEEA44F00CFEE69 /* TVUPLSection.m in Sources */ = {isa = PBXBuildFile; fileRef = 9CAF89A92EEEA44F00CFEE69 /* TVUPLSection.m */; };
		9CAF89AC2EEEA44F00CFEE69 /* TVUPLRow.m in Sources */ = {isa = PBXBuildFile; fileRef = 9CAF89A52EEEA44F00CFEE69 /* TVUPLRow.m */; };
		9CAF89B32EEEA4A700CFEE69 /* TVUPLBaseRow.m in Sources */ = {isa = PBXBuildFile; fileRef = 9CAF89B22EEEA4A700CFEE69 /* TVUPLBaseRow.m */; };
		9CAF89B92EEEA57100CFEE69 /* NSArray+Function.m in Sources */ = {isa = PBXBuildFile; fileRef = 9CAF89B52EEEA57100CFEE69 /* NSArray+Function.m */; };
		9CAF89BA2EEEA57100CFEE69 /* NSObject+BaseDataType.m in Sources */ = {isa = PBXBuildFile; fileRef = 9CAF89B72EEEA57100CFEE69 /* NSObject+BaseDataType.m */; };
		9CAF89BE2EEEA72E00CFEE69 /* TVUPLDefaultRow.m in Sources */ = {isa = PBXBuildFile; fileRef = 9CAF89BD2EEEA72E00CFEE69 /* TVUPLDefaultRow.m */; };
		9CAF89C12EEEA77100CFEE69 /* TVUPLDefaultView.m in Sources */ = {isa = PBXBuildFile; fileRef = 9CAF89C02EEEA77100CFEE69 /* TVUPLDefaultView.m */; };
		E35E313CAB6864DE6F37240A /* TVUPLState.m in Sources */ = {isa = PBXBuildFile; fileRef = 5C5641D63659EFC98D4F4DE5 /* TVUPLState.m */; };
/* End PBXBuildFile section */

/* Begin PBXFileReference section */
		3B745EAE5F6FE25DB461D664 /* Pods-StaticViewDemo.debug.xcconfig */ = {isa = PBXFileReference; includeInIndex = 1; lastKnownFileType = text.xcconfig; name = "Pods-StaticViewDemo.debug.xcconfig"; path = "Target Support Files/Pods-StaticViewDemo/Pods-StaticViewDemo.debug.xcconfig"; sourceTree = "<group>"; };
		41DE7786ABC22A70F8E05BC2 /* Pods-StaticViewDemo.release.xcconfig */ = {isa = PBXFileReference; includeInIndex = 1; lastKnownFileType = text.xcconfig; name = "Pods-StaticViewDemo.release.xcconfig"; path = "Target Support Files/Pods-StaticViewDemo/Pods-StaticViewDemo.release.xcconfig"; sourceTree = "<group>"; };
		5C5641D63659EFC98D4F4DE5 /* TVUPLState.m */ = {isa = PBXFileReference; includeInIndex = 1; lastKnownFileType = sourcecode.c.objc; path = TVUPLState.m; sourceTree = "<group>"; };
		7741E69FA4E86E9F53086E74 /* TVUPLState.h */ = {isa = PBXFileReference; includeInIndex = 1; lastKnownFileType = sourcecode.c.h; path = TVUPLState.h; sourceTree = "<group>"; };
		818DBD82D87575BB7B971D2C /* Pods_StaticViewDemo.framework */ = {isa = PBXFileReference; explicitFileType = wrapper.framework; includeInIndex = 0; path = Pods_StaticViewDemo.framework; sourceTree = BUILT_PRODUCTS_DIR; };
		9C7EB0232F3704D100D236EA /* TVUPLLoginRow.h */ = {isa = PBXFileReference; lastKnownFileType = sourcecode.c.h; path = TVUPLLoginRow.h; sourceTree = "<group>"; };
		9C7EB0242F3704D100D236EA /* TVUPLLoginRow.m */ = {isa = PBXFileReference; lastKnownFileType = sourcecode.c.objc; path = TVUPLLoginRow.m; sourceTree = "<group>"; };
		9CA7BE6D2F2506E300272432 /* TVUPLViewData.h */ = {isa = PBXFileReference; lastKnownFileType = sourcecode.c.h; path = TVUPLViewData.h; sourceTree = "<group>"; };
		9CA7BE6E2F2506E300272432 /* TVUPLViewData.m */ = {isa = PBXFileReference; lastKnownFileType = sourcecode.c.objc; path = TVUPLViewData.m; sourceTree = "<group>"; };
		9CA7BE702F25075400272432 /* TVUPLLabelData.h */ = {isa = PBXFileReference; lastKnownFileType = sourcecode.c.h; path = TVUPLLabelData.h; sourceTree = "<group>"; };
		9CA7BE712F25075400272432 /* TVUPLLabelData.m */ = {isa = PBXFileReference; lastKnownFileType = sourcecode.c.objc; path = TVUPLLabelData.m; sourceTree = "<group>"; };
		9CA7BE732F25076300272432 /* TVUPLImageData.h */ = {isa = PBXFileReference; lastKnownFileType = sourcecode.c.h; path = TVUPLImageData.h; sourceTree = "<group>"; };
		9CA7BE742F25076300272432 /* TVUPLImageData.m */ = {isa = PBXFileReference; lastKnownFileType = sourcecode.c.objc; path = TVUPLImageData.m; sourceTree = "<group>"; };
		9CAF89682EEEA3C000CFEE69 /* StaticViewDemo.app */ = {isa = PBXFileReference; explicitFileType = wrapper.application; includeInIndex = 0; path = StaticViewDemo.app; sourceTree = BUILT_PRODUCTS_DIR; };
		9CAF89852EEEA3C800CFEE69 /* AppDelegate.h */ = {isa = PBXFileReference; lastKnownFileType = sourcecode.c.h; path = AppDelegate.h; sourceTree = "<group>"; };
		9CAF89862EEEA3C800CFEE69 /* AppDelegate.m */ = {isa = PBXFileReference; lastKnownFileType = sourcecode.c.objc; path = AppDelegate.m; sourceTree = "<group>"; };
		9CAF89872EEEA3C800CFEE69 /* Assets.xcassets */ = {isa = PBXFileReference; lastKnownFileType = folder.assetcatalog; path = Assets.xcassets; sourceTree = "<group>"; };
		9CAF89882EEEA3C800CFEE69 /* Info.plist */ = {isa = PBXFileReference; lastKnownFileType = text.plist.xml; path = Info.plist; sourceTree = "<group>"; };
		9CAF89892EEEA3C800CFEE69 /* Base */ = {isa = PBXFileReference; lastKnownFileType = file.storyboard; name = Base; path = Base.lproj/LaunchScreen.storyboard; sourceTree = "<group>"; };
		9CAF898B2EEEA3C800CFEE69 /* main.m */ = {isa = PBXFileReference; lastKnownFileType = sourcecode.c.objc; path = main.m; sourceTree = "<group>"; };
		9CAF898C2EEEA3C800CFEE69 /* Base */ = {isa = PBXFileReference; lastKnownFileType = file.storyboard; name = Base; path = Base.lproj/Main.storyboard; sourceTree = "<group>"; };
		9CAF898E2EEEA3C800CFEE69 /* SceneDelegate.h */ = {isa = PBXFileReference; lastKnownFileType = sourcecode.c.h; path = SceneDelegate.h; sourceTree = "<group>"; };
		9CAF898F2EEEA3C800CFEE69 /* SceneDelegate.m */ = {isa = PBXFileReference; lastKnownFileType = sourcecode.c.objc; path = SceneDelegate.m; sourceTree = "<group>"; };
		9CAF89902EEEA3C800CFEE69 /* ViewController.h */ = {isa = PBXFileReference; lastKnownFileType = sourcecode.c.h; path = ViewController.h; sourceTree = "<group>"; };
		9CAF89912EEEA3C800CFEE69 /* ViewController.m */ = {isa = PBXFileReference; lastKnownFileType = sourcecode.c.objc; path = ViewController.m; sourceTree = "<group>"; };
		9CAF89A02EEEA42E00CFEE69 /* TVUStaticView.h */ = {isa = PBXFileReference; lastKnownFileType = sourcecode.c.h; path = TVUStaticView.h; sourceTree = "<group>"; };
		9CAF89A12EEEA42E00CFEE69 /* TVUStaticView.m */ = {isa = PBXFileReference; lastKnownFileType = sourcecode.c.objc; path = TVUStaticView.m; sourceTree = "<group>"; };
		9CAF89A42EEEA44F00CFEE69 /* TVUPLRow.h */ = {isa = PBXFileReference; lastKnownFileType = sourcecode.c.h; path = TVUPLRow.h; sourceTree = "<group>"; };
		9CAF89A52EEEA44F00CFEE69 /* TVUPLRow.m */ = {isa = PBXFileReference; lastKnownFileType = sourcecode.c.objc; path = TVUPLRow.m; sourceTree = "<group>"; };
		9CAF89A82EEEA44F00CFEE69 /* TVUPLSection.h */ = {isa = PBXFileReference; lastKnownFileType = sourcecode.c.h; path = TVUPLSection.h; sourceTree = "<group>"; };
		9CAF89A92EEEA44F00CFEE69 /* TVUPLSection.m */ = {isa = PBXFileReference; lastKnownFileType = sourcecode.c.objc; path = TVUPLSection.m; sourceTree = "<group>"; };
		9CAF89B12EEEA4A700CFEE69 /* TVUPLBaseRow.h */ = {isa = PBXFileReference; lastKnownFileType = sourcecode.c.h; path = TVUPLBaseRow.h; sourceTree = "<group>"; };
		9CAF89B22EEEA4A700CFEE69 /* TVUPLBaseRow.m */ = {isa = PBXFileReference; lastKnownFileType = sourcecode.c.objc; path = TVUPLBaseRow.m; sourceTree = "<group>"; };
		9CAF89B42EEEA57100CFEE69 /* NSArray+Function.h */ = {isa = PBXFileReference; lastKnownFileType = sourcecode.c.h; path = "NSArray+Function.h"; sourceTree = "<group>"; };
		9CAF89B52EEEA57100CFEE69 /* NSArray+Function.m */ = {isa = PBXFileReference; lastKnownFileType = sourcecode.c.objc; path = "NSArray+Function.m"; sourceTree = "<group>"; };
		9CAF89B62EEEA57100CFEE69 /* NSObject+BaseDataType.h */ = {isa = PBXFileReference; lastKnownFileType = sourcecode.c.h; path = "NSObject+BaseDataType.h"; sourceTree = "<group>"; };
		9CAF89B72EEEA57100CFEE69 /* NSObject+BaseDataType.m */ = {isa = PBXFileReference; lastKnownFileType = sourcecode.c.objc; path = "NSObject+BaseDataType.m"; sourceTree = "<group>"; };
		9CAF89BB2EEEA5B800CFEE69 /* TVUPLListConst.h */ = {isa = PBXFileReference; lastKnownFileType = sourcecode.c.h; path = TVUPLListConst.h; sourceTree = "<group>"; };
		9CAF89BC2EEEA72E00CFEE69 /* TVUPLDefaultRow.h */ = {isa = PBXFileReference; lastKnownFileType = sourcecode.c.h; path = TVUPLDefaultRow.h; sourceTree = "<group>"; };
		9CAF89BD2EEEA72E00CFEE69 /* TVUPLDefaultRow.m */ = {isa = PBXFileReference; lastKnownFileType = sourcecode.c.objc; path = TVUPLDefaultRow.m; sourceTree = "<group>"; };
		9CAF89BF2EEEA77100CFEE69 /* TVUPLDefaultView.h */ = {isa = PBXFileReference; lastKnownFileType = sourcecode.c.h; path = TVUPLDefaultView.h; sourceTree = "<group>"; };
		9CAF89C02EEEA77100CFEE69 /* TVUPLDefaultView.m */ = {isa = PBXFileReference; lastKnownFileType = sourcecode.c.objc; path = TVUPLDefaultView.m; sourceTree = "<group>"; };
/* End PBXFileReference section */

/* Begin PBXFrameworksBuildPhase section */
		9CAF89652EEEA3C000CFEE69 /* Frameworks */ = {
			isa = PBXFrameworksBuildPhase;
			buildActionMask = 2147483647;
			files = (
				42A55ABD39EE94ACC4B96D3B /* Pods_StaticViewDemo.framework in Frameworks */,
			);
			runOnlyForDeploymentPostprocessing = 0;
		};
/* End PBXFrameworksBuildPhase section */

/* Begin PBXGroup section */
		3AE0C463731375871272DC3B /* Frameworks */ = {
			isa = PBXGroup;
			children = (
				818DBD82D87575BB7B971D2C /* Pods_StaticViewDemo.framework */,
			);
			name = Frameworks;
			sourceTree = "<group>";
		};
		9CA7BE6C2F2506BE00272432 /* Data */ = {
			isa = PBXGroup;
			children = (
				9CA7BE6D2F2506E300272432 /* TVUPLViewData.h */,
				9CA7BE6E2F2506E300272432 /* TVUPLViewData.m */,
				9CA7BE702F25075400272432 /* TVUPLLabelData.h */,
				9CA7BE712F25075400272432 /* TVUPLLabelData.m */,
				9CA7BE732F25076300272432 /* TVUPLImageData.h */,
				9CA7BE742F25076300272432 /* TVUPLImageData.m */,
			);
			path = Data;
			sourceTree = "<group>";
		};
		9CAF895F2EEEA3C000CFEE69 = {
			isa = PBXGroup;
			children = (
				9CAF89922EEEA3C800CFEE69 /* StaticViewDemo */,
				9CAF89692EEEA3C000CFEE69 /* Products */,
				A78DE9A4792A5276CF434A47 /* Pods */,
				3AE0C463731375871272DC3B /* Frameworks */,
			);
			sourceTree = "<group>";
		};
		9CAF89692EEEA3C000CFEE69 /* Products */ = {
			isa = PBXGroup;
			children = (
				9CAF89682EEEA3C000CFEE69 /* StaticViewDemo.app */,
			);
			name = Products;
			sourceTree = "<group>";
		};
		9CAF89922EEEA3C800CFEE69 /* StaticViewDemo */ = {
			isa = PBXGroup;
			children = (
				9CAF89B82EEEA57100CFEE69 /* Utils */,
				9CAF899D2EEEA40C00CFEE69 /* TVUStaticList */,
				9CAF89852EEEA3C800CFEE69 /* AppDelegate.h */,
				9CAF89862EEEA3C800CFEE69 /* AppDelegate.m */,
				9CAF89872EEEA3C800CFEE69 /* Assets.xcassets */,
				9CAF89882EEEA3C800CFEE69 /* Info.plist */,
				9CAF898A2EEEA3C800CFEE69 /* LaunchScreen.storyboard */,
				9CAF898B2EEEA3C800CFEE69 /* main.m */,
				9CAF898D2EEEA3C800CFEE69 /* Main.storyboard */,
				9CAF898E2EEEA3C800CFEE69 /* SceneDelegate.h */,
				9CAF898F2EEEA3C800CFEE69 /* SceneDelegate.m */,
				9CAF89902EEEA3C800CFEE69 /* ViewController.h */,
				9CAF89912EEEA3C800CFEE69 /* ViewController.m */,
			);
			path = StaticViewDemo;
			sourceTree = "<group>";
		};
		9CAF899D2EEEA40C00CFEE69 /* TVUStaticList */ = {
			isa = PBXGroup;
			children = (
				9CA7BE6C2F2506BE00272432 /* Data */,
				9CAF89B02EEEA48E00CFEE69 /* Components */,
				9CAF89AF2EEEA48E00CFEE69 /* Views */,
				9CAF89A22EEEA42E00CFEE69 /* Core */,
			);
			path = TVUStaticList;
			sourceTree = "<group>";
		};
		9CAF89A22EEEA42E00CFEE69 /* Core */ = {
			isa = PBXGroup;
			children = (
				9CAF89A02EEEA42E00CFEE69 /* TVUStaticView.h */,
				9CAF89A12EEEA42E00CFEE69 /* TVUStaticView.m */,
				9CAF89A42EEEA44F00CFEE69 /* TVUPLRow.h */,
				9CAF89A52EEEA44F00CFEE69 /* TVUPLRow.m */,
				9CAF89A82EEEA44F00CFEE69 /* TVUPLSection.h */,
				9CAF89A92EEEA44F00CFEE69 /* TVUPLSection.m */,
				9CAF89BB2EEEA5B800CFEE69 /* TVUPLListConst.h */,
				7741E69FA4E86E9F53086E74 /* TVUPLState.h */,
				5C5641D63659EFC98D4F4DE5 /* TVUPLState.m */,
			);
			path = Core;
			sourceTree = "<group>";
		};
		9CAF89AF2EEEA48E00CFEE69 /* Views */ = {
			isa = PBXGroup;
			children = (
				9CAF89B12EEEA4A700CFEE69 /* TVUPLBaseRow.h */,
				9CAF89B22EEEA4A700CFEE69 /* TVUPLBaseRow.m */,
				9CAF89BF2EEEA77100CFEE69 /* TVUPLDefaultView.h */,
				9CAF89C02EEEA77100CFEE69 /* TVUPLDefaultView.m */,
			);
			path = Views;
			sourceTree = "<group>";
		};
		9CAF89B02EEEA48E00CFEE69 /* Components */ = {
			isa = PBXGroup;
			children = (
				9CAF89BC2EEEA72E00CFEE69 /* TVUPLDefaultRow.h */,
				9CAF89BD2EEEA72E00CFEE69 /* TVUPLDefaultRow.m */,
				9C7EB0232F3704D100D236EA /* TVUPLLoginRow.h */,
				9C7EB0242F3704D100D236EA /* TVUPLLoginRow.m */,
			);
			path = Components;
			sourceTree = "<group>";
		};
		9CAF89B82EEEA57100CFEE69 /* Utils */ = {
			isa = PBXGroup;
			children = (
				9CAF89B42EEEA57100CFEE69 /* NSArray+Function.h */,
				9CAF89B52EEEA57100CFEE69 /* NSArray+Function.m */,
				9CAF89B62EEEA57100CFEE69 /* NSObject+BaseDataType.h */,
				9CAF89B72EEEA57100CFEE69 /* NSObject+BaseDataType.m */,
			);
			path = Utils;
			sourceTree = "<group>";
		};
		A78DE9A4792A5276CF434A47 /* Pods */ = {
			isa = PBXGroup;
			children = (
				3B745EAE5F6FE25DB461D664 /* Pods-StaticViewDemo.debug.xcconfig */,
				41DE7786ABC22A70F8E05BC2 /* Pods-StaticViewDemo.release.xcconfig */,
			);
			path = Pods;
			sourceTree = "<group>";
		};
/* End PBXGroup section */

/* Begin PBXNativeTarget section */
		9CAF89672EEEA3C000CFEE69 /* StaticViewDemo */ = {
			isa = PBXNativeTarget;
			buildConfigurationList = 9CAF89802EEEA3C100CFEE69 /* Build configuration list for PBXNativeTarget "StaticViewDemo" */;
			buildPhases = (
				8F56F7F9D189230FDACEBB53 /* [CP] Check Pods Manifest.lock */,
				9CAF89642EEEA3C000CFEE69 /* Sources */,
				9CAF89652EEEA3C000CFEE69 /* Frameworks */,
				9CAF89662EEEA3C000CFEE69 /* Resources */,
				F8533D8962E5AC0A7E2C6D8C /* [CP] Embed Pods Frameworks */,
			);
			buildRules = (
			);
			dependencies = (
			);
			name = StaticViewDemo;
			productName = StaticViewDemo;
			productReference = 9CAF89682EEEA3C000CFEE69 /* StaticViewDemo.app */;
			productType = "com.apple.product-type.application";
		};
/* End PBXNativeTarget section */

/* Begin PBXProject section */
		9CAF89602EEEA3C000CFEE69 /* Project object */ = {
			isa = PBXProject;
			attributes = {
				BuildIndependentTargetsInParallel = 1;
				LastUpgradeCheck = 1630;
				TargetAttributes = {
					9CAF89672EEEA3C000CFEE69 = {
						CreatedOnToolsVersion = 16.3;
					};
				};
			};
			buildConfigurationList = 9CAF89632EEEA3C000CFEE69 /* Build configuration list for PBXProject "StaticViewDemo" */;
			developmentRegion = en;
			hasScannedForEncodings = 0;
			knownRegions = (
				en,
				Base,
			);
			mainGroup = 9CAF895F2EEEA3C000CFEE69;
			minimizedProjectReferenceProxies = 1;
			preferredProjectObjectVersion = 77;
			productRefGroup = 9CAF89692EEEA3C000CFEE69 /* Products */;
			projectDirPath = "";
			projectRoot = "";
			targets = (
				9CAF89672EEEA3C000CFEE69 /* StaticViewDemo */,
			);
		};
/* End PBXProject section */

/* Begin PBXResourcesBuildPhase section */
		9CAF89662EEEA3C000CFEE69 /* Resources */ = {
			isa = PBXResourcesBuildPhase;
			buildActionMask = 2147483647;
			files = (
				9CAF89972EEEA3C800CFEE69 /* Assets.xcassets in Resources */,
				9CAF89992EEEA3C800CFEE69 /* LaunchScreen.storyboard in Resources */,
				9CAF899A2EEEA3C800CFEE69 /* Main.storyboard in Resources */,
			);
			runOnlyForDeploymentPostprocessing = 0;
		};
/* End PBXResourcesBuildPhase section */

/* Begin PBXShellScriptBuildPhase section */
		8F56F7F9D189230FDACEBB53 /* [CP] Check Pods Manifest.lock */ = {
			isa = PBXShellScriptBuildPhase;
			buildActionMask = 2147483647;
			files = (
			);
			inputFileListPaths = (
			);
			inputPaths = (
				"${PODS_PODFILE_DIR_PATH}/Podfile.lock",
				"${PODS_ROOT}/Manifest.lock",
			);
			name = "[CP] Check Pods Manifest.lock";
			outputFileListPaths = (
			);
			outputPaths = (
				"$(DERIVED_FILE_DIR)/Pods-StaticViewDemo-checkManifestLockResult.txt",
			);
			runOnlyForDeploymentPostprocessing = 0;
			shellPath = /bin/sh;
			shellScript = "diff \"${PODS_PODFILE_DIR_PATH}/Podfile.lock\" \"${PODS_ROOT}/Manifest.lock\" > /dev/null\nif [ $? != 0 ] ; then\n    # print error to STDERR\n    echo \"error: The sandbox is not in sync with the Podfile.lock. Run 'pod install' or update your CocoaPods installation.\" >&2\n    exit 1\nfi\n# This output is used by Xcode 'outputs' to avoid re-running this script phase.\necho \"SUCCESS\" > \"${SCRIPT_OUTPUT_FILE_0}\"\n";
			showEnvVarsInLog = 0;
		};
		F8533D8962E5AC0A7E2C6D8C /* [CP] Embed Pods Frameworks */ = {
			isa = PBXShellScriptBuildPhase;
			buildActionMask = 2147483647;
			files = (
			);
			inputFileListPaths = (
				"${PODS_ROOT}/Target Support Files/Pods-StaticViewDemo/Pods-StaticViewDemo-frameworks-${CONFIGURATION}-input-files.xcfilelist",
			);
			inputPaths = (
			);
			name = "[CP] Embed Pods Frameworks";
			outputFileListPaths = (
				"${PODS_ROOT}/Target Support Files/Pods-StaticViewDemo/Pods-StaticViewDemo-frameworks-${CONFIGURATION}-output-files.xcfilelist",
			);
			outputPaths = (
			);
			runOnlyForDeploymentPostprocessing = 0;
			shellPath = /bin/sh;
			shellScript = "\"${PODS_ROOT}/Target Support Files/Pods-StaticViewDemo/Pods-StaticViewDemo-frameworks.sh\"\n";
			showEnvVarsInLog = 0;
		};
/* End PBXShellScriptBuildPhase section */

/* Begin PBXSourcesBuildPhase section */
		9CAF89642EEEA3C000CFEE69 /* Sources */ = {
			isa = PBXSourcesBuildPhase;
			buildActionMask = 2147483647;
			files = (
				9CAF89A32EEEA42E00CFEE69 /* TVUStaticView.m in Sources */,
				9CAF89C12EEEA77100CFEE69 /* TVUPLDefaultView.m in Sources */,
				9CAF89932EEEA3C800CFEE69 /* AppDelegate.m in Sources */,
				9C7EB0252F3704D100D236EA /* TVUPLLoginRow.m in Sources */,
				9CA7BE752F25076300272432 /* TVUPLImageData.m in Sources */,
				9CAF89B32EEEA4A700CFEE69 /* TVUPLBaseRow.m in Sources */,
				9CAF89942EEEA3C800CFEE69 /* main.m in Sources */,
				9CAF89BE2EEEA72E00CFEE69 /* TVUPLDefaultRow.m in Sources */,
				9CA7BE6F2F2506E300272432 /* TVUPLViewData.m in Sources */,
				9CAF89AB2EEEA44F00CFEE69 /* TVUPLSection.m in Sources */,
				9CA7BE722F25075400272432 /* TVUPLLabelData.m in Sources */,
				9CAF89B92EEEA57100CFEE69 /* NSArray+Function.m in Sources */,
				9CAF89BA2EEEA57100CFEE69 /* NSObject+BaseDataType.m in Sources */,
				9CAF89AC2EEEA44F00CFEE69 /* TVUPLRow.m in Sources */,
				9CAF89952EEEA3C800CFEE69 /* SceneDelegate.m in Sources */,
				9CAF89962EEEA3C800CFEE69 /* ViewController.m in Sources */,
				E35E313CAB6864DE6F37240A /* TVUPLState.m in Sources */,
			);
			runOnlyForDeploymentPostprocessing = 0;
		};
/* End PBXSourcesBuildPhase section */

/* Begin PBXVariantGroup section */
		9CAF898A2EEEA3C800CFEE69 /* LaunchScreen.storyboard */ = {
			isa = PBXVariantGroup;
			children = (
				9CAF89892EEEA3C800CFEE69 /* Base */,
			);
			name = LaunchScreen.storyboard;
			sourceTree = "<group>";
		};
		9CAF898D2EEEA3C800CFEE69 /* Main.storyboard */ = {
			isa = PBXVariantGroup;
			children = (
				9CAF898C2EEEA3C800CFEE69 /* Base */,
			);
			name = Main.storyboard;
			sourceTree = "<group>";
		};
/* End PBXVariantGroup section */

/* Begin XCBuildConfiguration section */
		9CAF89812EEEA3C100CFEE69 /* Debug */ = {
			isa = XCBuildConfiguration;
			baseConfigurationReference = 3B745EAE5F6FE25DB461D664 /* Pods-StaticViewDemo.debug.xcconfig */;
			buildSettings = {
				ASSETCATALOG_COMPILER_APPICON_NAME = AppIcon;
				ASSETCATALOG_COMPILER_GLOBAL_ACCENT_COLOR_NAME = AccentColor;
				CODE_SIGN_STYLE = Automatic;
				CURRENT_PROJECT_VERSION = 1;
				DEVELOPMENT_TEAM = YDEVQQ22JR;
				ENABLE_USER_SCRIPT_SANDBOXING = NO;
				GENERATE_INFOPLIST_FILE = YES;
				INFOPLIST_FILE = StaticViewDemo/Info.plist;
				INFOPLIST_KEY_UIApplicationSupportsIndirectInputEvents = YES;
				INFOPLIST_KEY_UILaunchStoryboardName = LaunchScreen;
				INFOPLIST_KEY_UIMainStoryboardFile = Main;
				INFOPLIST_KEY_UISupportedInterfaceOrientations_iPad = "UIInterfaceOrientationPortrait UIInterfaceOrientationPortraitUpsideDown UIInterfaceOrientationLandscapeLeft UIInterfaceOrientationLandscapeRight";
				INFOPLIST_KEY_UISupportedInterfaceOrientations_iPhone = "UIInterfaceOrientationPortrait UIInterfaceOrientationLandscapeLeft UIInterfaceOrientationLandscapeRight";
				IPHONEOS_DEPLOYMENT_TARGET = 18.0;
				LD_RUNPATH_SEARCH_PATHS = (
					"$(inherited)",
					"@executable_path/Frameworks",
				);
				MARKETING_VERSION = 1.0;
				PRODUCT_BUNDLE_IDENTIFIER = com.tvunetworks.TVUAnywhereLite;
				PRODUCT_NAME = "$(TARGET_NAME)";
				SUPPORTED_PLATFORMS = "iphoneos iphonesimulator";
				SUPPORTS_MACCATALYST = YES;
				SWIFT_EMIT_LOC_STRINGS = YES;
				TARGETED_DEVICE_FAMILY = "1,2";
			};
			name = Debug;
		};
		9CAF89822EEEA3C100CFEE69 /* Release */ = {
			isa = XCBuildConfiguration;
			baseConfigurationReference = 41DE7786ABC22A70F8E05BC2 /* Pods-StaticViewDemo.release.xcconfig */;
			buildSettings = {
				ASSETCATALOG_COMPILER_APPICON_NAME = AppIcon;
				ASSETCATALOG_COMPILER_GLOBAL_ACCENT_COLOR_NAME = AccentColor;
				CODE_SIGN_STYLE = Automatic;
				CURRENT_PROJECT_VERSION = 1;
				DEVELOPMENT_TEAM = YDEVQQ22JR;
				ENABLE_USER_SCRIPT_SANDBOXING = NO;
				GENERATE_INFOPLIST_FILE = YES;
				INFOPLIST_FILE = StaticViewDemo/Info.plist;
				INFOPLIST_KEY_UIApplicationSupportsIndirectInputEvents = YES;
				INFOPLIST_KEY_UILaunchStoryboardName = LaunchScreen;
				INFOPLIST_KEY_UIMainStoryboardFile = Main;
				INFOPLIST_KEY_UISupportedInterfaceOrientations_iPad = "UIInterfaceOrientationPortrait UIInterfaceOrientationPortraitUpsideDown UIInterfaceOrientationLandscapeLeft UIInterfaceOrientationLandscapeRight";
				INFOPLIST_KEY_UISupportedInterfaceOrientations_iPhone = "UIInterfaceOrientationPortrait UIInterfaceOrientationLandscapeLeft UIInterfaceOrientationLandscapeRight";
				IPHONEOS_DEPLOYMENT_TARGET = 18.0;
				LD_RUNPATH_SEARCH_PATHS = (
					"$(inherited)",
					"@executable_path/Frameworks",
				);
				MARKETING_VERSION = 1.0;
				PRODUCT_BUNDLE_IDENTIFIER = com.tvunetworks.TVUAnywhereLite;
				PRODUCT_NAME = "$(TARGET_NAME)";
				SUPPORTED_PLATFORMS = "iphoneos iphonesimulator";
				SUPPORTS_MACCATALYST = YES;
				SWIFT_EMIT_LOC_STRINGS = YES;
				TARGETED_DEVICE_FAMILY = "1,2";
			};
			name = Release;
		};
		9CAF89832EEEA3C100CFEE69 /* Debug */ = {
			isa = XCBuildConfiguration;
			buildSettings = {
				ALWAYS_SEARCH_USER_PATHS = NO;
				ASSETCATALOG_COMPILER_GENERATE_SWIFT_ASSET_SYMBOL_EXTENSIONS = YES;
				CLANG_ANALYZER_NONNULL = YES;
				CLANG_ANALYZER_NUMBER_OBJECT_CONVERSION = YES_AGGRESSIVE;
				CLANG_CXX_LANGUAGE_STANDARD = "gnu++20";
				CLANG_ENABLE_MODULES = YES;
				CLANG_ENABLE_OBJC_ARC = YES;
				CLANG_ENABLE_OBJC_WEAK = YES;
				CLANG_WARN_BLOCK_CAPTURE_AUTORELEASING = YES;
				CLANG_WARN_BOOL_CONVERSION = YES;
				CLANG_WARN_COMMA = YES;
				CLANG_WARN_CONSTANT_CONVERSION = YES;
				CLANG_WARN_DEPRECATED_OBJC_IMPLEMENTATIONS = YES;
				CLANG_WARN_DIRECT_OBJC_ISA_USAGE = YES_ERROR;
				CLANG_WARN_DOCUMENTATION_COMMENTS = YES;
				CLANG_WARN_EMPTY_BODY = YES;
				CLANG_WARN_ENUM_CONVERSION = YES;
				CLANG_WARN_INFINITE_RECURSION = YES;
				CLANG_WARN_INT_CONVERSION = YES;
				CLANG_WARN_NON_LITERAL_NULL_CONVERSION = YES;
				CLANG_WARN_OBJC_IMPLICIT_RETAIN_SELF = YES;
				CLANG_WARN_OBJC_LITERAL_CONVERSION = YES;
				CLANG_WARN_OBJC_ROOT_CLASS = YES_ERROR;
				CLANG_WARN_QUOTED_INCLUDE_IN_FRAMEWORK_HEADER = YES;
				CLANG_WARN_RANGE_LOOP_ANALYSIS = YES;
				CLANG_WARN_STRICT_PROTOTYPES = YES;
				CLANG_WARN_SUSPICIOUS_MOVE = YES;
				CLANG_WARN_UNGUARDED_AVAILABILITY = YES_AGGRESSIVE;
				CLANG_WARN_UNREACHABLE_CODE = YES;
				CLANG_WARN__DUPLICATE_METHOD_MATCH = YES;
				COPY_PHASE_STRIP = NO;
				DEBUG_INFORMATION_FORMAT = dwarf;
				ENABLE_STRICT_OBJC_MSGSEND = YES;
				ENABLE_TESTABILITY = YES;
				ENABLE_USER_SCRIPT_SANDBOXING = YES;
				GCC_C_LANGUAGE_STANDARD = gnu17;
				GCC_DYNAMIC_NO_PIC = NO;
				GCC_NO_COMMON_BLOCKS = YES;
				GCC_OPTIMIZATION_LEVEL = 0;
				GCC_PREPROCESSOR_DEFINITIONS = (
					"DEBUG=1",
					"$(inherited)",
				);
				GCC_WARN_64_TO_32_BIT_CONVERSION = YES;
				GCC_WARN_ABOUT_RETURN_TYPE = YES_ERROR;
				GCC_WARN_UNDECLARED_SELECTOR = YES;
				GCC_WARN_UNINITIALIZED_AUTOS = YES_AGGRESSIVE;
				GCC_WARN_UNUSED_FUNCTION = YES;
				GCC_WARN_UNUSED_VARIABLE = YES;
				IPHONEOS_DEPLOYMENT_TARGET = 18.4;
				LOCALIZATION_PREFERS_STRING_CATALOGS = YES;
				MTL_ENABLE_DEBUG_INFO = INCLUDE_SOURCE;
				MTL_FAST_MATH = YES;
				ONLY_ACTIVE_ARCH = YES;
				SDKROOT = iphoneos;
			};
			name = Debug;
		};
		9CAF89842EEEA3C100CFEE69 /* Release */ = {
			isa = XCBuildConfiguration;
			buildSettings = {
				ALWAYS_SEARCH_USER_PATHS = NO;
				ASSETCATALOG_COMPILER_GENERATE_SWIFT_ASSET_SYMBOL_EXTENSIONS = YES;
				CLANG_ANALYZER_NONNULL = YES;
				CLANG_ANALYZER_NUMBER_OBJECT_CONVERSION = YES_AGGRESSIVE;
				CLANG_CXX_LANGUAGE_STANDARD = "gnu++20";
				CLANG_ENABLE_MODULES = YES;
				CLANG_ENABLE_OBJC_ARC = YES;
				CLANG_ENABLE_OBJC_WEAK = YES;
				CLANG_WARN_BLOCK_CAPTURE_AUTORELEASING = YES;
				CLANG_WARN_BOOL_CONVERSION = YES;
				CLANG_WARN_COMMA = YES;
				CLANG_WARN_CONSTANT_CONVERSION = YES;
				CLANG_WARN_DEPRECATED_OBJC_IMPLEMENTATIONS = YES;
				CLANG_WARN_DIRECT_OBJC_ISA_USAGE = YES_ERROR;
				CLANG_WARN_DOCUMENTATION_COMMENTS = YES;
				CLANG_WARN_EMPTY_BODY = YES;
				CLANG_WARN_ENUM_CONVERSION = YES;
				CLANG_WARN_INFINITE_RECURSION = YES;
				CLANG_WARN_INT_CONVERSION = YES;
				CLANG_WARN_NON_LITERAL_NULL_CONVERSION = YES;
				CLANG_WARN_OBJC_IMPLICIT_RETAIN_SELF = YES;
				CLANG_WARN_OBJC_LITERAL_CONVERSION = YES;
				CLANG_WARN_OBJC_ROOT_CLASS = YES_ERROR;
				CLANG_WARN_QUOTED_INCLUDE_IN_FRAMEWORK_HEADER = YES;
				CLANG_WARN_RANGE_LOOP_ANALYSIS = YES;
				CLANG_WARN_STRICT_PROTOTYPES = YES;
				CLANG_WARN_SUSPICIOUS_MOVE = YES;
				CLANG_WARN_UNGUARDED_AVAILABILITY = YES_AGGRESSIVE;
				CLANG_WARN_UNREACHABLE_CODE = YES;
				CLANG_WARN__DUPLICATE_METHOD_MATCH = YES;
				COPY_PHASE_STRIP = NO;
				DEBUG_INFORMATION_FORMAT = "dwarf-with-dsym";
				ENABLE_NS_ASSERTIONS = NO;
				ENABLE_STRICT_OBJC_MSGSEND = YES;
				ENABLE_USER_SCRIPT_SANDBOXING = YES;
				GCC_C_LANGUAGE_STANDARD = gnu17;
				GCC_NO_COMMON_BLOCKS = YES;
				GCC_WARN_64_TO_32_BIT_CONVERSION = YES;
				GCC_WARN_ABOUT_RETURN_TYPE = YES_ERROR;
				GCC_WARN_UNDECLARED_SELECTOR = YES;
				GCC_WARN_UNINITIALIZED_AUTOS = YES_AGGRESSIVE;
				GCC_WARN_UNUSED_FUNCTION = YES;
				GCC_WARN_UNUSED_VARIABLE = YES;
				IPHONEOS_DEPLOYMENT_TARGET = 18.4;
				LOCALIZATION_PREFERS_STRING_CATALOGS = YES;
				MTL_ENABLE_DEBUG_INFO = NO;
				MTL_FAST_MATH = YES;
				SDKROOT = iphoneos;
				VALIDATE_PRODUCT = YES;
			};
			name = Release;
		};
/* End XCBuildConfiguration section */

/* Begin XCConfigurationList section */
		9CAF89632EEEA3C000CFEE69 /* Build configuration list for PBXProject "StaticViewDemo" */ = {
			isa = XCConfigurationList;
			buildConfigurations = (
				9CAF89832EEEA3C100CFEE69 /* Debug */,
				9CAF89842EEEA3C100CFEE69 /* Release */,
			);
			defaultConfigurationIsVisible = 0;
			defaultConfigurationName = Release;
		};
		9CAF89802EEEA3C100CFEE69 /* Build configuration list for PBXNativeTarget "StaticViewDemo" */ = {
			isa = XCConfigurationList;
			buildConfigurations = (
				9CAF89812EEEA3C100CFEE69 /* Debug */,
				9CAF89822EEEA3C100CFEE69 /* Release */,
			);
			defaultConfigurationIsVisible = 0;
			defaultConfigurationName = Release;
		};
/* End XCConfigurationList section */
	};
	rootObject = 9CAF89602EEEA3C000CFEE69 /* Project object */;
}
