// !$*UTF8*$!
{
	archiveVersion = 1;
	classes = {
	};
	objectVersion = 70;
	objects = {

/* Begin PBXBuildFile section */
		2C9813CB2E0A9AB900628759 /* TVUPLListView.m in Sources */ = {isa = PBXBuildFile; fileRef = 2C9813CA2E0A9AB900628759 /* TVUPLListView.m */; };
		2C9816552E28A31300628759 /* NSLayoutConstraint+MASDebugAdditions.m in Sources */ = {isa = PBXBuildFile; fileRef = 2C98164E2E28A31300628759 /* NSLayoutConstraint+MASDebugAdditions.m */; };
		2C9816562E28A31300628759 /* MASConstraint.m in Sources */ = {isa = PBXBuildFile; fileRef = 2C98163E2E28A31300628759 /* MASConstraint.m */; };
		2C9816572E28A31300628759 /* NSArray+MASAdditions.m in Sources */ = {isa = PBXBuildFile; fileRef = 2C98164B2E28A31300628759 /* NSArray+MASAdditions.m */; };
		2C9816582E28A31300628759 /* MASConstraintMaker.m in Sources */ = {isa = PBXBuildFile; fileRef = 2C9816412E28A31300628759 /* MASConstraintMaker.m */; };
		2C9816592E28A31300628759 /* MASLayoutConstraint.m in Sources */ = {isa = PBXBuildFile; fileRef = 2C9816432E28A31300628759 /* MASLayoutConstraint.m */; };
		2C98165A2E28A31300628759 /* MASViewAttribute.m in Sources */ = {isa = PBXBuildFile; fileRef = 2C9816472E28A31300628759 /* MASViewAttribute.m */; };
		2C98165B2E28A31300628759 /* MASViewConstraint.m in Sources */ = {isa = PBXBuildFile; fileRef = 2C9816492E28A31300628759 /* MASViewConstraint.m */; };
		2C98165C2E28A31300628759 /* View+MASAdditions.m in Sources */ = {isa = PBXBuildFile; fileRef = 2C9816502E28A31300628759 /* View+MASAdditions.m */; };
		2C98165D2E28A31300628759 /* ViewController+MASAdditions.m in Sources */ = {isa = PBXBuildFile; fileRef = 2C9816532E28A31300628759 /* ViewController+MASAdditions.m */; };
		2C98165E2E28A31300628759 /* MASCompositeConstraint.m in Sources */ = {isa = PBXBuildFile; fileRef = 2C98163C2E28A31300628759 /* MASCompositeConstraint.m */; };
		2C9816832E2A527000628759 /* TVUPLDefaultRow.m in Sources */ = {isa = PBXBuildFile; fileRef = 2C9816822E2A527000628759 /* TVUPLDefaultRow.m */; };
		2CF318312DE946CA00C4202C /* TVUPLUsersAPI.m in Sources */ = {isa = PBXBuildFile; fileRef = 2CF318302DE946CA00C4202C /* TVUPLUsersAPI.m */; };
		2CF318452DE9534100C4202C /* TVUPLTimeoutAPI.m in Sources */ = {isa = PBXBuildFile; fileRef = 2CF318442DE9534100C4202C /* TVUPLTimeoutAPI.m */; };
		8AAA45AF2DC9A66E00D2654D /* AppDelegate.m in Sources */ = {isa = PBXBuildFile; fileRef = 8AAA45AE2DC9A66E00D2654D /* AppDelegate.m */; };
		8AAA45B22DC9A66E00D2654D /* SceneDelegate.m in Sources */ = {isa = PBXBuildFile; fileRef = 8AAA45B12DC9A66E00D2654D /* SceneDelegate.m */; };
		8AAA45B52DC9A66E00D2654D /* ViewController.m in Sources */ = {isa = PBXBuildFile; fileRef = 8AAA45B42DC9A66E00D2654D /* ViewController.m */; };
		8AAA45B82DC9A66E00D2654D /* Main.storyboard in Resources */ = {isa = PBXBuildFile; fileRef = 8AAA45B62DC9A66E00D2654D /* Main.storyboard */; };
		8AAA45BA2DC9A67600D2654D /* Assets.xcassets in Resources */ = {isa = PBXBuildFile; fileRef = 8AAA45B92DC9A67600D2654D /* Assets.xcassets */; };
		8AAA45BD2DC9A67600D2654D /* LaunchScreen.storyboard in Resources */ = {isa = PBXBuildFile; fileRef = 8AAA45BB2DC9A67600D2654D /* LaunchScreen.storyboard */; };
		8AAA45C02DC9A67600D2654D /* main.m in Sources */ = {isa = PBXBuildFile; fileRef = 8AAA45BF2DC9A67600D2654D /* main.m */; };
		8AAA45CF2DC9A6BA00D2654D /* TVUPLUidInfoAPI.m in Sources */ = {isa = PBXBuildFile; fileRef = 8AAA45C92DC9A6BA00D2654D /* TVUPLUidInfoAPI.m */; };
		8AAA45D02DC9A6BA00D2654D /* TVUPLAPIManager.m in Sources */ = {isa = PBXBuildFile; fileRef = 8AAA45CB2DC9A6BA00D2654D /* TVUPLAPIManager.m */; };
		8AAA45D12DC9A6BA00D2654D /* TVUPLRequestAPI.m in Sources */ = {isa = PBXBuildFile; fileRef = 8AAA45CC2DC9A6BA00D2654D /* TVUPLRequestAPI.m */; };
		8AAA45D42DC9A6E100D2654D /* TVUPartylineRequest.m in Sources */ = {isa = PBXBuildFile; fileRef = 8AAA45D22DC9A6E100D2654D /* TVUPartylineRequest.m */; };
		9C7D448E2E2B4A0500CC621B /* ListViewController.m in Sources */ = {isa = PBXBuildFile; fileRef = 9C7D448D2E2B4A0500CC621B /* ListViewController.m */; };
		9C7D44912E2B611200CC621B /* TVUPLBaseRow.m in Sources */ = {isa = PBXBuildFile; fileRef = 9C7D44902E2B611200CC621B /* TVUPLBaseRow.m */; };
		9CBB9C7E2DD99017005B5AD5 /* TVUTuple.m in Sources */ = {isa = PBXBuildFile; fileRef = 9CBB9C7D2DD99017005B5AD5 /* TVUTuple.m */; };
		9CCD4F712DE75B58008E1778 /* NSObject+BaseDataType.m in Sources */ = {isa = PBXBuildFile; fileRef = 9CCD4F702DE75B58008E1778 /* NSObject+BaseDataType.m */; };
/* End PBXBuildFile section */

/* Begin PBXContainerItemProxy section */
		2CF3183A2DE948FD00C4202C /* PBXContainerItemProxy */ = {
			isa = PBXContainerItemProxy;
			containerPortal = 8AAA45A22DC9A66E00D2654D /* Project object */;
			proxyType = 1;
			remoteGlobalIDString = 8AAA45A92DC9A66E00D2654D;
			remoteInfo = TVURequestAPIDemo;
		};
/* End PBXContainerItemProxy section */

/* Begin PBXFileReference section */
		2C9813C92E0A9AB900628759 /* TVUPLListView.h */ = {isa = PBXFileReference; lastKnownFileType = sourcecode.c.h; path = TVUPLListView.h; sourceTree = "<group>"; };
		2C9813CA2E0A9AB900628759 /* TVUPLListView.m */ = {isa = PBXFileReference; lastKnownFileType = sourcecode.c.objc; path = TVUPLListView.m; sourceTree = "<group>"; };
		2C98163A2E27AFD600628759 /* TVUPLRowProtocol.h */ = {isa = PBXFileReference; lastKnownFileType = sourcecode.c.h; path = TVUPLRowProtocol.h; sourceTree = "<group>"; };
		2C98163B2E28A31300628759 /* MASCompositeConstraint.h */ = {isa = PBXFileReference; lastKnownFileType = sourcecode.c.h; path = MASCompositeConstraint.h; sourceTree = "<group>"; };
		2C98163C2E28A31300628759 /* MASCompositeConstraint.m */ = {isa = PBXFileReference; lastKnownFileType = sourcecode.c.objc; path = MASCompositeConstraint.m; sourceTree = "<group>"; };
		2C98163D2E28A31300628759 /* MASConstraint.h */ = {isa = PBXFileReference; lastKnownFileType = sourcecode.c.h; path = MASConstraint.h; sourceTree = "<group>"; };
		2C98163E2E28A31300628759 /* MASConstraint.m */ = {isa = PBXFileReference; lastKnownFileType = sourcecode.c.objc; path = MASConstraint.m; sourceTree = "<group>"; };
		2C98163F2E28A31300628759 /* MASConstraint+Private.h */ = {isa = PBXFileReference; lastKnownFileType = sourcecode.c.h; path = "MASConstraint+Private.h"; sourceTree = "<group>"; };
		2C9816402E28A31300628759 /* MASConstraintMaker.h */ = {isa = PBXFileReference; lastKnownFileType = sourcecode.c.h; path = MASConstraintMaker.h; sourceTree = "<group>"; };
		2C9816412E28A31300628759 /* MASConstraintMaker.m */ = {isa = PBXFileReference; lastKnownFileType = sourcecode.c.objc; path = MASConstraintMaker.m; sourceTree = "<group>"; };
		2C9816422E28A31300628759 /* MASLayoutConstraint.h */ = {isa = PBXFileReference; lastKnownFileType = sourcecode.c.h; path = MASLayoutConstraint.h; sourceTree = "<group>"; };
		2C9816432E28A31300628759 /* MASLayoutConstraint.m */ = {isa = PBXFileReference; lastKnownFileType = sourcecode.c.objc; path = MASLayoutConstraint.m; sourceTree = "<group>"; };
		2C9816442E28A31300628759 /* Masonry.h */ = {isa = PBXFileReference; lastKnownFileType = sourcecode.c.h; path = Masonry.h; sourceTree = "<group>"; };
		2C9816452E28A31300628759 /* MASUtilities.h */ = {isa = PBXFileReference; lastKnownFileType = sourcecode.c.h; path = MASUtilities.h; sourceTree = "<group>"; };
		2C9816462E28A31300628759 /* MASViewAttribute.h */ = {isa = PBXFileReference; lastKnownFileType = sourcecode.c.h; path = MASViewAttribute.h; sourceTree = "<group>"; };
		2C9816472E28A31300628759 /* MASViewAttribute.m */ = {isa = PBXFileReference; lastKnownFileType = sourcecode.c.objc; path = MASViewAttribute.m; sourceTree = "<group>"; };
		2C9816482E28A31300628759 /* MASViewConstraint.h */ = {isa = PBXFileReference; lastKnownFileType = sourcecode.c.h; path = MASViewConstraint.h; sourceTree = "<group>"; };
		2C9816492E28A31300628759 /* MASViewConstraint.m */ = {isa = PBXFileReference; lastKnownFileType = sourcecode.c.objc; path = MASViewConstraint.m; sourceTree = "<group>"; };
		2C98164A2E28A31300628759 /* NSArray+MASAdditions.h */ = {isa = PBXFileReference; lastKnownFileType = sourcecode.c.h; path = "NSArray+MASAdditions.h"; sourceTree = "<group>"; };
		2C98164B2E28A31300628759 /* NSArray+MASAdditions.m */ = {isa = PBXFileReference; lastKnownFileType = sourcecode.c.objc; path = "NSArray+MASAdditions.m"; sourceTree = "<group>"; };
		2C98164C2E28A31300628759 /* NSArray+MASShorthandAdditions.h */ = {isa = PBXFileReference; lastKnownFileType = sourcecode.c.h; path = "NSArray+MASShorthandAdditions.h"; sourceTree = "<group>"; };
		2C98164D2E28A31300628759 /* NSLayoutConstraint+MASDebugAdditions.h */ = {isa = PBXFileReference; lastKnownFileType = sourcecode.c.h; path = "NSLayoutConstraint+MASDebugAdditions.h"; sourceTree = "<group>"; };
		2C98164E2E28A31300628759 /* NSLayoutConstraint+MASDebugAdditions.m */ = {isa = PBXFileReference; lastKnownFileType = sourcecode.c.objc; path = "NSLayoutConstraint+MASDebugAdditions.m"; sourceTree = "<group>"; };
		2C98164F2E28A31300628759 /* View+MASAdditions.h */ = {isa = PBXFileReference; lastKnownFileType = sourcecode.c.h; path = "View+MASAdditions.h"; sourceTree = "<group>"; };
		2C9816502E28A31300628759 /* View+MASAdditions.m */ = {isa = PBXFileReference; lastKnownFileType = sourcecode.c.objc; path = "View+MASAdditions.m"; sourceTree = "<group>"; };
		2C9816512E28A31300628759 /* View+MASShorthandAdditions.h */ = {isa = PBXFileReference; lastKnownFileType = sourcecode.c.h; path = "View+MASShorthandAdditions.h"; sourceTree = "<group>"; };
		2C9816522E28A31300628759 /* ViewController+MASAdditions.h */ = {isa = PBXFileReference; lastKnownFileType = sourcecode.c.h; path = "ViewController+MASAdditions.h"; sourceTree = "<group>"; };
		2C9816532E28A31300628759 /* ViewController+MASAdditions.m */ = {isa = PBXFileReference; lastKnownFileType = sourcecode.c.objc; path = "ViewController+MASAdditions.m"; sourceTree = "<group>"; };
		2C9816812E2A527000628759 /* TVUPLDefaultRow.h */ = {isa = PBXFileReference; lastKnownFileType = sourcecode.c.h; path = TVUPLDefaultRow.h; sourceTree = "<group>"; };
		2C9816822E2A527000628759 /* TVUPLDefaultRow.m */ = {isa = PBXFileReference; lastKnownFileType = sourcecode.c.objc; path = TVUPLDefaultRow.m; sourceTree = "<group>"; };
		2C9816842E2A54D100628759 /* TVUPLCRows.h */ = {isa = PBXFileReference; lastKnownFileType = sourcecode.c.h; path = TVUPLCRows.h; sourceTree = "<group>"; };
		2CF3182F2DE946CA00C4202C /* TVUPLUsersAPI.h */ = {isa = PBXFileReference; lastKnownFileType = sourcecode.c.h; path = TVUPLUsersAPI.h; sourceTree = "<group>"; };
		2CF318302DE946CA00C4202C /* TVUPLUsersAPI.m */ = {isa = PBXFileReference; lastKnownFileType = sourcecode.c.objc; path = TVUPLUsersAPI.m; sourceTree = "<group>"; };
		2CF318362DE948FD00C4202C /* TVURequestAPIDemoTests.xctest */ = {isa = PBXFileReference; explicitFileType = wrapper.cfbundle; includeInIndex = 0; path = TVURequestAPIDemoTests.xctest; sourceTree = BUILT_PRODUCTS_DIR; };
		2CF318432DE9534100C4202C /* TVUPLTimeoutAPI.h */ = {isa = PBXFileReference; lastKnownFileType = sourcecode.c.h; path = TVUPLTimeoutAPI.h; sourceTree = "<group>"; };
		2CF318442DE9534100C4202C /* TVUPLTimeoutAPI.m */ = {isa = PBXFileReference; lastKnownFileType = sourcecode.c.objc; path = TVUPLTimeoutAPI.m; sourceTree = "<group>"; };
		8AAA45AA2DC9A66E00D2654D /* TVURequestAPIDemo.app */ = {isa = PBXFileReference; explicitFileType = wrapper.application; includeInIndex = 0; path = TVURequestAPIDemo.app; sourceTree = BUILT_PRODUCTS_DIR; };
		8AAA45AD2DC9A66E00D2654D /* AppDelegate.h */ = {isa = PBXFileReference; lastKnownFileType = sourcecode.c.h; path = AppDelegate.h; sourceTree = "<group>"; };
		8AAA45AE2DC9A66E00D2654D /* AppDelegate.m */ = {isa = PBXFileReference; lastKnownFileType = sourcecode.c.objc; path = AppDelegate.m; sourceTree = "<group>"; };
		8AAA45B02DC9A66E00D2654D /* SceneDelegate.h */ = {isa = PBXFileReference; lastKnownFileType = sourcecode.c.h; path = SceneDelegate.h; sourceTree = "<group>"; };
		8AAA45B12DC9A66E00D2654D /* SceneDelegate.m */ = {isa = PBXFileReference; lastKnownFileType = sourcecode.c.objc; path = SceneDelegate.m; sourceTree = "<group>"; };
		8AAA45B32DC9A66E00D2654D /* ViewController.h */ = {isa = PBXFileReference; lastKnownFileType = sourcecode.c.h; path = ViewController.h; sourceTree = "<group>"; };
		8AAA45B42DC9A66E00D2654D /* ViewController.m */ = {isa = PBXFileReference; lastKnownFileType = sourcecode.c.objc; path = ViewController.m; sourceTree = "<group>"; };
		8AAA45B72DC9A66E00D2654D /* Base */ = {isa = PBXFileReference; lastKnownFileType = file.storyboard; name = Base; path = Base.lproj/Main.storyboard; sourceTree = "<group>"; };
		8AAA45B92DC9A67600D2654D /* Assets.xcassets */ = {isa = PBXFileReference; lastKnownFileType = folder.assetcatalog; path = Assets.xcassets; sourceTree = "<group>"; };
		8AAA45BC2DC9A67600D2654D /* Base */ = {isa = PBXFileReference; lastKnownFileType = file.storyboard; name = Base; path = Base.lproj/LaunchScreen.storyboard; sourceTree = "<group>"; };
		8AAA45BE2DC9A67600D2654D /* Info.plist */ = {isa = PBXFileReference; lastKnownFileType = text.plist.xml; path = Info.plist; sourceTree = "<group>"; };
		8AAA45BF2DC9A67600D2654D /* main.m */ = {isa = PBXFileReference; lastKnownFileType = sourcecode.c.objc; path = main.m; sourceTree = "<group>"; };
		8AAA45C82DC9A6BA00D2654D /* TVUPLUidInfoAPI.h */ = {isa = PBXFileReference; fileEncoding = 4; lastKnownFileType = sourcecode.c.h; path = TVUPLUidInfoAPI.h; sourceTree = "<group>"; };
		8AAA45C92DC9A6BA00D2654D /* TVUPLUidInfoAPI.m */ = {isa = PBXFileReference; fileEncoding = 4; lastKnownFileType = sourcecode.c.objc; path = TVUPLUidInfoAPI.m; sourceTree = "<group>"; };
		8AAA45CB2DC9A6BA00D2654D /* TVUPLAPIManager.m */ = {isa = PBXFileReference; fileEncoding = 4; lastKnownFileType = sourcecode.c.objc; path = TVUPLAPIManager.m; sourceTree = "<group>"; };
		8AAA45CC2DC9A6BA00D2654D /* TVUPLRequestAPI.m */ = {isa = PBXFileReference; fileEncoding = 4; lastKnownFileType = sourcecode.c.objc; path = TVUPLRequestAPI.m; sourceTree = "<group>"; };
		8AAA45CD2DC9A6BA00D2654D /* TVUPLAPIManager.h */ = {isa = PBXFileReference; fileEncoding = 4; lastKnownFileType = sourcecode.c.h; path = TVUPLAPIManager.h; sourceTree = "<group>"; };
		8AAA45CE2DC9A6BA00D2654D /* TVUPLRequestAPI.h */ = {isa = PBXFileReference; fileEncoding = 4; lastKnownFileType = sourcecode.c.h; path = TVUPLRequestAPI.h; sourceTree = "<group>"; };
		8AAA45D22DC9A6E100D2654D /* TVUPartylineRequest.m */ = {isa = PBXFileReference; fileEncoding = 4; lastKnownFileType = sourcecode.c.objc; path = TVUPartylineRequest.m; sourceTree = "<group>"; };
		8AAA45D32DC9A6E100D2654D /* TVUPartylineRequest.h */ = {isa = PBXFileReference; fileEncoding = 4; lastKnownFileType = sourcecode.c.h; path = TVUPartylineRequest.h; sourceTree = "<group>"; };
		9C7D448C2E2B4A0500CC621B /* ListViewController.h */ = {isa = PBXFileReference; lastKnownFileType = sourcecode.c.h; path = ListViewController.h; sourceTree = "<group>"; };
		9C7D448D2E2B4A0500CC621B /* ListViewController.m */ = {isa = PBXFileReference; lastKnownFileType = sourcecode.c.objc; path = ListViewController.m; sourceTree = "<group>"; };
		9C7D448F2E2B611200CC621B /* TVUPLBaseRow.h */ = {isa = PBXFileReference; lastKnownFileType = sourcecode.c.h; path = TVUPLBaseRow.h; sourceTree = "<group>"; };
		9C7D44902E2B611200CC621B /* TVUPLBaseRow.m */ = {isa = PBXFileReference; lastKnownFileType = sourcecode.c.objc; path = TVUPLBaseRow.m; sourceTree = "<group>"; };
		9CBB9C7C2DD99017005B5AD5 /* TVUTuple.h */ = {isa = PBXFileReference; lastKnownFileType = sourcecode.c.h; path = TVUTuple.h; sourceTree = "<group>"; };
		9CBB9C7D2DD99017005B5AD5 /* TVUTuple.m */ = {isa = PBXFileReference; lastKnownFileType = sourcecode.c.objc; path = TVUTuple.m; sourceTree = "<group>"; };
		9CCD4F6F2DE75B58008E1778 /* NSObject+BaseDataType.h */ = {isa = PBXFileReference; lastKnownFileType = sourcecode.c.h; path = "NSObject+BaseDataType.h"; sourceTree = "<group>"; };
		9CCD4F702DE75B58008E1778 /* NSObject+BaseDataType.m */ = {isa = PBXFileReference; lastKnownFileType = sourcecode.c.objc; path = "NSObject+BaseDataType.m"; sourceTree = "<group>"; };
/* End PBXFileReference section */

/* Begin PBXFileSystemSynchronizedBuildFileExceptionSet section */
		2CF318402DE94A6700C4202C /* PBXFileSystemSynchronizedBuildFileExceptionSet */ = {
			isa = PBXFileSystemSynchronizedBuildFileExceptionSet;
			membershipExceptions = (
				Info.plist,
			);
			target = 2CF318352DE948FD00C4202C /* TVURequestAPIDemoTests */;
		};
/* End PBXFileSystemSynchronizedBuildFileExceptionSet section */

/* Begin PBXFileSystemSynchronizedRootGroup section */
		2CF318372DE948FD00C4202C /* TVURequestAPIDemoTests */ = {isa = PBXFileSystemSynchronizedRootGroup; exceptions = (2CF318402DE94A6700C4202C /* PBXFileSystemSynchronizedBuildFileExceptionSet */, ); explicitFileTypes = {}; explicitFolders = (); path = TVURequestAPIDemoTests; sourceTree = "<group>"; };
/* End PBXFileSystemSynchronizedRootGroup section */

/* Begin PBXFrameworksBuildPhase section */
		2CF318332DE948FD00C4202C /* Frameworks */ = {
			isa = PBXFrameworksBuildPhase;
			buildActionMask = 2147483647;
			files = (
			);
			runOnlyForDeploymentPostprocessing = 0;
		};
		8AAA45A72DC9A66E00D2654D /* Frameworks */ = {
			isa = PBXFrameworksBuildPhase;
			buildActionMask = 2147483647;
			files = (
			);
			runOnlyForDeploymentPostprocessing = 0;
		};
/* End PBXFrameworksBuildPhase section */

/* Begin PBXGroup section */
		2C9813C82E0A9A9300628759 /* TVUListView */ = {
			isa = PBXGroup;
			children = (
				2C9813C92E0A9AB900628759 /* TVUPLListView.h */,
				2C9813CA2E0A9AB900628759 /* TVUPLListView.m */,
				2C98163A2E27AFD600628759 /* TVUPLRowProtocol.h */,
				9C7D448F2E2B611200CC621B /* TVUPLBaseRow.h */,
				9C7D44902E2B611200CC621B /* TVUPLBaseRow.m */,
				2C9813CC2E0A9B9F00628759 /* Components */,
			);
			path = TVUListView;
			sourceTree = "<group>";
		};
		2C9813CC2E0A9B9F00628759 /* Components */ = {
			isa = PBXGroup;
			children = (
				2C9816812E2A527000628759 /* TVUPLDefaultRow.h */,
				2C9816822E2A527000628759 /* TVUPLDefaultRow.m */,
				2C9816842E2A54D100628759 /* TVUPLCRows.h */,
			);
			path = Components;
			sourceTree = "<group>";
		};
		2C9816542E28A31300628759 /* Masonry */ = {
			isa = PBXGroup;
			children = (
				2C98163B2E28A31300628759 /* MASCompositeConstraint.h */,
				2C98163C2E28A31300628759 /* MASCompositeConstraint.m */,
				2C98163D2E28A31300628759 /* MASConstraint.h */,
				2C98163E2E28A31300628759 /* MASConstraint.m */,
				2C98163F2E28A31300628759 /* MASConstraint+Private.h */,
				2C9816402E28A31300628759 /* MASConstraintMaker.h */,
				2C9816412E28A31300628759 /* MASConstraintMaker.m */,
				2C9816422E28A31300628759 /* MASLayoutConstraint.h */,
				2C9816432E28A31300628759 /* MASLayoutConstraint.m */,
				2C9816442E28A31300628759 /* Masonry.h */,
				2C9816452E28A31300628759 /* MASUtilities.h */,
				2C9816462E28A31300628759 /* MASViewAttribute.h */,
				2C9816472E28A31300628759 /* MASViewAttribute.m */,
				2C9816482E28A31300628759 /* MASViewConstraint.h */,
				2C9816492E28A31300628759 /* MASViewConstraint.m */,
				2C98164A2E28A31300628759 /* NSArray+MASAdditions.h */,
				2C98164B2E28A31300628759 /* NSArray+MASAdditions.m */,
				2C98164C2E28A31300628759 /* NSArray+MASShorthandAdditions.h */,
				2C98164D2E28A31300628759 /* NSLayoutConstraint+MASDebugAdditions.h */,
				2C98164E2E28A31300628759 /* NSLayoutConstraint+MASDebugAdditions.m */,
				2C98164F2E28A31300628759 /* View+MASAdditions.h */,
				2C9816502E28A31300628759 /* View+MASAdditions.m */,
				2C9816512E28A31300628759 /* View+MASShorthandAdditions.h */,
				2C9816522E28A31300628759 /* ViewController+MASAdditions.h */,
				2C9816532E28A31300628759 /* ViewController+MASAdditions.m */,
			);
			path = Masonry;
			sourceTree = "<group>";
		};
		8AAA45A12DC9A66E00D2654D = {
			isa = PBXGroup;
			children = (
				8AAA45AC2DC9A66E00D2654D /* TVURequestAPIDemo */,
				2CF318372DE948FD00C4202C /* TVURequestAPIDemoTests */,
				8AAA45AB2DC9A66E00D2654D /* Products */,
			);
			sourceTree = "<group>";
		};
		8AAA45AB2DC9A66E00D2654D /* Products */ = {
			isa = PBXGroup;
			children = (
				8AAA45AA2DC9A66E00D2654D /* TVURequestAPIDemo.app */,
				2CF318362DE948FD00C4202C /* TVURequestAPIDemoTests.xctest */,
			);
			name = Products;
			sourceTree = "<group>";
		};
		8AAA45AC2DC9A66E00D2654D /* TVURequestAPIDemo */ = {
			isa = PBXGroup;
			children = (
				2C9816542E28A31300628759 /* Masonry */,
				2C9813C82E0A9A9300628759 /* TVUListView */,
				8AAA45C62DC9A6BA00D2654D /* TVUPLRequestAPI */,
				8AAA45AD2DC9A66E00D2654D /* AppDelegate.h */,
				8AAA45AE2DC9A66E00D2654D /* AppDelegate.m */,
				8AAA45B02DC9A66E00D2654D /* SceneDelegate.h */,
				8AAA45B12DC9A66E00D2654D /* SceneDelegate.m */,
				8AAA45B32DC9A66E00D2654D /* ViewController.h */,
				8AAA45B42DC9A66E00D2654D /* ViewController.m */,
				9C7D448C2E2B4A0500CC621B /* ListViewController.h */,
				9C7D448D2E2B4A0500CC621B /* ListViewController.m */,
				8AAA45D32DC9A6E100D2654D /* TVUPartylineRequest.h */,
				8AAA45D22DC9A6E100D2654D /* TVUPartylineRequest.m */,
				9CCD4F6F2DE75B58008E1778 /* NSObject+BaseDataType.h */,
				9CCD4F702DE75B58008E1778 /* NSObject+BaseDataType.m */,
				8AAA45B62DC9A66E00D2654D /* Main.storyboard */,
				8AAA45B92DC9A67600D2654D /* Assets.xcassets */,
				8AAA45BB2DC9A67600D2654D /* LaunchScreen.storyboard */,
				8AAA45BE2DC9A67600D2654D /* Info.plist */,
				8AAA45BF2DC9A67600D2654D /* main.m */,
			);
			path = TVURequestAPIDemo;
			sourceTree = "<group>";
		};
		8AAA45C62DC9A6BA00D2654D /* TVUPLRequestAPI */ = {
			isa = PBXGroup;
			children = (
				8AAA45C72DC9A6BA00D2654D /* APIs */,
				8AAA45CA2DC9A6BA00D2654D /* Core */,
			);
			path = TVUPLRequestAPI;
			sourceTree = "<group>";
		};
		8AAA45C72DC9A6BA00D2654D /* APIs */ = {
			isa = PBXGroup;
			children = (
				8AAA45C82DC9A6BA00D2654D /* TVUPLUidInfoAPI.h */,
				8AAA45C92DC9A6BA00D2654D /* TVUPLUidInfoAPI.m */,
				2CF3182F2DE946CA00C4202C /* TVUPLUsersAPI.h */,
				2CF318302DE946CA00C4202C /* TVUPLUsersAPI.m */,
				2CF318432DE9534100C4202C /* TVUPLTimeoutAPI.h */,
				2CF318442DE9534100C4202C /* TVUPLTimeoutAPI.m */,
			);
			path = APIs;
			sourceTree = "<group>";
		};
		8AAA45CA2DC9A6BA00D2654D /* Core */ = {
			isa = PBXGroup;
			children = (
				8AAA45CD2DC9A6BA00D2654D /* TVUPLAPIManager.h */,
				8AAA45CB2DC9A6BA00D2654D /* TVUPLAPIManager.m */,
				8AAA45CE2DC9A6BA00D2654D /* TVUPLRequestAPI.h */,
				8AAA45CC2DC9A6BA00D2654D /* TVUPLRequestAPI.m */,
				9CBB9C7C2DD99017005B5AD5 /* TVUTuple.h */,
				9CBB9C7D2DD99017005B5AD5 /* TVUTuple.m */,
			);
			path = Core;
			sourceTree = "<group>";
		};
/* End PBXGroup section */

/* Begin PBXNativeTarget section */
		2CF318352DE948FD00C4202C /* TVURequestAPIDemoTests */ = {
			isa = PBXNativeTarget;
			buildConfigurationList = 2CF3183C2DE948FD00C4202C /* Build configuration list for PBXNativeTarget "TVURequestAPIDemoTests" */;
			buildPhases = (
				2CF318322DE948FD00C4202C /* Sources */,
				2CF318332DE948FD00C4202C /* Frameworks */,
				2CF318342DE948FD00C4202C /* Resources */,
			);
			buildRules = (
			);
			dependencies = (
				2CF3183B2DE948FD00C4202C /* PBXTargetDependency */,
			);
			fileSystemSynchronizedGroups = (
				2CF318372DE948FD00C4202C /* TVURequestAPIDemoTests */,
			);
			name = TVURequestAPIDemoTests;
			packageProductDependencies = (
			);
			productName = TVURequestAPIDemoTests;
			productReference = 2CF318362DE948FD00C4202C /* TVURequestAPIDemoTests.xctest */;
			productType = "com.apple.product-type.bundle.unit-test";
		};
		8AAA45A92DC9A66E00D2654D /* TVURequestAPIDemo */ = {
			isa = PBXNativeTarget;
			buildConfigurationList = 8AAA45C32DC9A67600D2654D /* Build configuration list for PBXNativeTarget "TVURequestAPIDemo" */;
			buildPhases = (
				8AAA45A62DC9A66E00D2654D /* Sources */,
				8AAA45A72DC9A66E00D2654D /* Frameworks */,
				8AAA45A82DC9A66E00D2654D /* Resources */,
			);
			buildRules = (
			);
			dependencies = (
			);
			name = TVURequestAPIDemo;
			productName = TVURequestAPIDemo;
			productReference = 8AAA45AA2DC9A66E00D2654D /* TVURequestAPIDemo.app */;
			productType = "com.apple.product-type.application";
		};
/* End PBXNativeTarget section */

/* Begin PBXProject section */
		8AAA45A22DC9A66E00D2654D /* Project object */ = {
			isa = PBXProject;
			attributes = {
				BuildIndependentTargetsInParallel = 1;
				LastUpgradeCheck = 1520;
				TargetAttributes = {
					2CF318352DE948FD00C4202C = {
						CreatedOnToolsVersion = 16.3;
						TestTargetID = 8AAA45A92DC9A66E00D2654D;
					};
					8AAA45A92DC9A66E00D2654D = {
						CreatedOnToolsVersion = 15.2;
					};
				};
			};
			buildConfigurationList = 8AAA45A52DC9A66E00D2654D /* Build configuration list for PBXProject "TVURequestAPIDemo" */;
			compatibilityVersion = "Xcode 14.0";
			developmentRegion = en;
			hasScannedForEncodings = 0;
			knownRegions = (
				en,
				Base,
			);
			mainGroup = 8AAA45A12DC9A66E00D2654D;
			productRefGroup = 8AAA45AB2DC9A66E00D2654D /* Products */;
			projectDirPath = "";
			projectRoot = "";
			targets = (
				8AAA45A92DC9A66E00D2654D /* TVURequestAPIDemo */,
				2CF318352DE948FD00C4202C /* TVURequestAPIDemoTests */,
			);
		};
/* End PBXProject section */

/* Begin PBXResourcesBuildPhase section */
		2CF318342DE948FD00C4202C /* Resources */ = {
			isa = PBXResourcesBuildPhase;
			buildActionMask = 2147483647;
			files = (
			);
			runOnlyForDeploymentPostprocessing = 0;
		};
		8AAA45A82DC9A66E00D2654D /* Resources */ = {
			isa = PBXResourcesBuildPhase;
			buildActionMask = 2147483647;
			files = (
				8AAA45BD2DC9A67600D2654D /* LaunchScreen.storyboard in Resources */,
				8AAA45BA2DC9A67600D2654D /* Assets.xcassets in Resources */,
				8AAA45B82DC9A66E00D2654D /* Main.storyboard in Resources */,
			);
			runOnlyForDeploymentPostprocessing = 0;
		};
/* End PBXResourcesBuildPhase section */

/* Begin PBXSourcesBuildPhase section */
		2CF318322DE948FD00C4202C /* Sources */ = {
			isa = PBXSourcesBuildPhase;
			buildActionMask = 2147483647;
			files = (
			);
			runOnlyForDeploymentPostprocessing = 0;
		};
		8AAA45A62DC9A66E00D2654D /* Sources */ = {
			isa = PBXSourcesBuildPhase;
			buildActionMask = 2147483647;
			files = (
				9C7D448E2E2B4A0500CC621B /* ListViewController.m in Sources */,
				9CCD4F712DE75B58008E1778 /* NSObject+BaseDataType.m in Sources */,
				8AAA45D42DC9A6E100D2654D /* TVUPartylineRequest.m in Sources */,
				8AAA45D02DC9A6BA00D2654D /* TVUPLAPIManager.m in Sources */,
				2CF318312DE946CA00C4202C /* TVUPLUsersAPI.m in Sources */,
				2C9816832E2A527000628759 /* TVUPLDefaultRow.m in Sources */,
				2CF318452DE9534100C4202C /* TVUPLTimeoutAPI.m in Sources */,
				8AAA45B52DC9A66E00D2654D /* ViewController.m in Sources */,
				8AAA45CF2DC9A6BA00D2654D /* TVUPLUidInfoAPI.m in Sources */,
				8AAA45AF2DC9A66E00D2654D /* AppDelegate.m in Sources */,
				2C9816552E28A31300628759 /* NSLayoutConstraint+MASDebugAdditions.m in Sources */,
				2C9816562E28A31300628759 /* MASConstraint.m in Sources */,
				2C9816572E28A31300628759 /* NSArray+MASAdditions.m in Sources */,
				2C9816582E28A31300628759 /* MASConstraintMaker.m in Sources */,
				2C9816592E28A31300628759 /* MASLayoutConstraint.m in Sources */,
				2C98165A2E28A31300628759 /* MASViewAttribute.m in Sources */,
				2C98165B2E28A31300628759 /* MASViewConstraint.m in Sources */,
				2C98165C2E28A31300628759 /* View+MASAdditions.m in Sources */,
				2C98165D2E28A31300628759 /* ViewController+MASAdditions.m in Sources */,
				9C7D44912E2B611200CC621B /* TVUPLBaseRow.m in Sources */,
				2C98165E2E28A31300628759 /* MASCompositeConstraint.m in Sources */,
				8AAA45C02DC9A67600D2654D /* main.m in Sources */,
				9CBB9C7E2DD99017005B5AD5 /* TVUTuple.m in Sources */,
				8AAA45B22DC9A66E00D2654D /* SceneDelegate.m in Sources */,
				2C9813CB2E0A9AB900628759 /* TVUPLListView.m in Sources */,
				8AAA45D12DC9A6BA00D2654D /* TVUPLRequestAPI.m in Sources */,
			);
			runOnlyForDeploymentPostprocessing = 0;
		};
/* End PBXSourcesBuildPhase section */

/* Begin PBXTargetDependency section */
		2CF3183B2DE948FD00C4202C /* PBXTargetDependency */ = {
			isa = PBXTargetDependency;
			target = 8AAA45A92DC9A66E00D2654D /* TVURequestAPIDemo */;
			targetProxy = 2CF3183A2DE948FD00C4202C /* PBXContainerItemProxy */;
		};
/* End PBXTargetDependency section */

/* Begin PBXVariantGroup section */
		8AAA45B62DC9A66E00D2654D /* Main.storyboard */ = {
			isa = PBXVariantGroup;
			children = (
				8AAA45B72DC9A66E00D2654D /* Base */,
			);
			name = Main.storyboard;
			sourceTree = "<group>";
		};
		8AAA45BB2DC9A67600D2654D /* LaunchScreen.storyboard */ = {
			isa = PBXVariantGroup;
			children = (
				8AAA45BC2DC9A67600D2654D /* Base */,
			);
			name = LaunchScreen.storyboard;
			sourceTree = "<group>";
		};
/* End PBXVariantGroup section */

/* Begin XCBuildConfiguration section */
		2CF3183D2DE948FD00C4202C /* Debug */ = {
			isa = XCBuildConfiguration;
			buildSettings = {
				BUNDLE_LOADER = "$(TEST_HOST)";
				CODE_SIGN_STYLE = Automatic;
				CURRENT_PROJECT_VERSION = 1;
				DEVELOPMENT_TEAM = YDEVQQ22JR;
				GENERATE_INFOPLIST_FILE = YES;
				INFOPLIST_FILE = TVURequestAPIDemoTests/Info.plist;
				IPHONEOS_DEPLOYMENT_TARGET = 15.6;
				MARKETING_VERSION = 1.0;
				PRODUCT_BUNDLE_IDENTIFIER = com.tvunetworks.TVUAnywhereLite;
				PRODUCT_NAME = "$(TARGET_NAME)";
				SWIFT_EMIT_LOC_STRINGS = NO;
				TARGETED_DEVICE_FAMILY = "1,2";
				TEST_HOST = "$(BUILT_PRODUCTS_DIR)/TVURequestAPIDemo.app/$(BUNDLE_EXECUTABLE_FOLDER_PATH)/TVURequestAPIDemo";
			};
			name = Debug;
		};
		2CF3183E2DE948FD00C4202C /* Release */ = {
			isa = XCBuildConfiguration;
			buildSettings = {
				BUNDLE_LOADER = "$(TEST_HOST)";
				CODE_SIGN_STYLE = Automatic;
				CURRENT_PROJECT_VERSION = 1;
				DEVELOPMENT_TEAM = YDEVQQ22JR;
				GENERATE_INFOPLIST_FILE = YES;
				INFOPLIST_FILE = TVURequestAPIDemoTests/Info.plist;
				IPHONEOS_DEPLOYMENT_TARGET = 15.6;
				MARKETING_VERSION = 1.0;
				PRODUCT_BUNDLE_IDENTIFIER = com.tvunetworks.TVUAnywhereLite;
				PRODUCT_NAME = "$(TARGET_NAME)";
				SWIFT_EMIT_LOC_STRINGS = NO;
				TARGETED_DEVICE_FAMILY = "1,2";
				TEST_HOST = "$(BUILT_PRODUCTS_DIR)/TVURequestAPIDemo.app/$(BUNDLE_EXECUTABLE_FOLDER_PATH)/TVURequestAPIDemo";
			};
			name = Release;
		};
		8AAA45C12DC9A67600D2654D /* Debug */ = {
			isa = XCBuildConfiguration;
			buildSettings = {
				ALWAYS_SEARCH_USER_PATHS = NO;
				ASSETCATALOG_COMPILER_GENERATE_SWIFT_ASSET_SYMBOL_EXTENSIONS = YES;
				CLANG_ANALYZER_NONNULL = YES;
				CLANG_ANALYZER_NUMBER_OBJECT_CONVERSION = YES_AGGRESSIVE;
				CLANG_CXX_LANGUAGE_STANDARD = "gnu++20";
				CLANG_ENABLE_MODULES = YES;
				CLANG_ENABLE_OBJC_ARC = YES;
				CLANG_ENABLE_OBJC_WEAK = YES;
				CLANG_WARN_BLOCK_CAPTURE_AUTORELEASING = YES;
				CLANG_WARN_BOOL_CONVERSION = YES;
				CLANG_WARN_COMMA = YES;
				CLANG_WARN_CONSTANT_CONVERSION = YES;
				CLANG_WARN_DEPRECATED_OBJC_IMPLEMENTATIONS = YES;
				CLANG_WARN_DIRECT_OBJC_ISA_USAGE = YES_ERROR;
				CLANG_WARN_DOCUMENTATION_COMMENTS = YES;
				CLANG_WARN_EMPTY_BODY = YES;
				CLANG_WARN_ENUM_CONVERSION = YES;
				CLANG_WARN_INFINITE_RECURSION = YES;
				CLANG_WARN_INT_CONVERSION = YES;
				CLANG_WARN_NON_LITERAL_NULL_CONVERSION = YES;
				CLANG_WARN_OBJC_IMPLICIT_RETAIN_SELF = YES;
				CLANG_WARN_OBJC_LITERAL_CONVERSION = YES;
				CLANG_WARN_OBJC_ROOT_CLASS = YES_ERROR;
				CLANG_WARN_QUOTED_INCLUDE_IN_FRAMEWORK_HEADER = YES;
				CLANG_WARN_RANGE_LOOP_ANALYSIS = YES;
				CLANG_WARN_STRICT_PROTOTYPES = YES;
				CLANG_WARN_SUSPICIOUS_MOVE = YES;
				CLANG_WARN_UNGUARDED_AVAILABILITY = YES_AGGRESSIVE;
				CLANG_WARN_UNREACHABLE_CODE = YES;
				CLANG_WARN__DUPLICATE_METHOD_MATCH = YES;
				COPY_PHASE_STRIP = NO;
				DEBUG_INFORMATION_FORMAT = dwarf;
				ENABLE_STRICT_OBJC_MSGSEND = YES;
				ENABLE_TESTABILITY = YES;
				ENABLE_USER_SCRIPT_SANDBOXING = YES;
				GCC_C_LANGUAGE_STANDARD = gnu17;
				GCC_DYNAMIC_NO_PIC = NO;
				GCC_NO_COMMON_BLOCKS = YES;
				GCC_OPTIMIZATION_LEVEL = 0;
				GCC_PREPROCESSOR_DEFINITIONS = (
					"DEBUG=1",
					"$(inherited)",
				);
				GCC_WARN_64_TO_32_BIT_CONVERSION = YES;
				GCC_WARN_ABOUT_RETURN_TYPE = YES_ERROR;
				GCC_WARN_UNDECLARED_SELECTOR = YES;
				GCC_WARN_UNINITIALIZED_AUTOS = YES_AGGRESSIVE;
				GCC_WARN_UNUSED_FUNCTION = YES;
				GCC_WARN_UNUSED_VARIABLE = YES;
				IPHONEOS_DEPLOYMENT_TARGET = 17.2;
				LOCALIZATION_PREFERS_STRING_CATALOGS = YES;
				MTL_ENABLE_DEBUG_INFO = INCLUDE_SOURCE;
				MTL_FAST_MATH = YES;
				ONLY_ACTIVE_ARCH = YES;
				SDKROOT = iphoneos;
			};
			name = Debug;
		};
		8AAA45C22DC9A67600D2654D /* Release */ = {
			isa = XCBuildConfiguration;
			buildSettings = {
				ALWAYS_SEARCH_USER_PATHS = NO;
				ASSETCATALOG_COMPILER_GENERATE_SWIFT_ASSET_SYMBOL_EXTENSIONS = YES;
				CLANG_ANALYZER_NONNULL = YES;
				CLANG_ANALYZER_NUMBER_OBJECT_CONVERSION = YES_AGGRESSIVE;
				CLANG_CXX_LANGUAGE_STANDARD = "gnu++20";
				CLANG_ENABLE_MODULES = YES;
				CLANG_ENABLE_OBJC_ARC = YES;
				CLANG_ENABLE_OBJC_WEAK = YES;
				CLANG_WARN_BLOCK_CAPTURE_AUTORELEASING = YES;
				CLANG_WARN_BOOL_CONVERSION = YES;
				CLANG_WARN_COMMA = YES;
				CLANG_WARN_CONSTANT_CONVERSION = YES;
				CLANG_WARN_DEPRECATED_OBJC_IMPLEMENTATIONS = YES;
				CLANG_WARN_DIRECT_OBJC_ISA_USAGE = YES_ERROR;
				CLANG_WARN_DOCUMENTATION_COMMENTS = YES;
				CLANG_WARN_EMPTY_BODY = YES;
				CLANG_WARN_ENUM_CONVERSION = YES;
				CLANG_WARN_INFINITE_RECURSION = YES;
				CLANG_WARN_INT_CONVERSION = YES;
				CLANG_WARN_NON_LITERAL_NULL_CONVERSION = YES;
				CLANG_WARN_OBJC_IMPLICIT_RETAIN_SELF = YES;
				CLANG_WARN_OBJC_LITERAL_CONVERSION = YES;
				CLANG_WARN_OBJC_ROOT_CLASS = YES_ERROR;
				CLANG_WARN_QUOTED_INCLUDE_IN_FRAMEWORK_HEADER = YES;
				CLANG_WARN_RANGE_LOOP_ANALYSIS = YES;
				CLANG_WARN_STRICT_PROTOTYPES = YES;
				CLANG_WARN_SUSPICIOUS_MOVE = YES;
				CLANG_WARN_UNGUARDED_AVAILABILITY = YES_AGGRESSIVE;
				CLANG_WARN_UNREACHABLE_CODE = YES;
				CLANG_WARN__DUPLICATE_METHOD_MATCH = YES;
				COPY_PHASE_STRIP = NO;
				DEBUG_INFORMATION_FORMAT = "dwarf-with-dsym";
				ENABLE_NS_ASSERTIONS = NO;
				ENABLE_STRICT_OBJC_MSGSEND = YES;
				ENABLE_USER_SCRIPT_SANDBOXING = YES;
				GCC_C_LANGUAGE_STANDARD = gnu17;
				GCC_NO_COMMON_BLOCKS = YES;
				GCC_WARN_64_TO_32_BIT_CONVERSION = YES;
				GCC_WARN_ABOUT_RETURN_TYPE = YES_ERROR;
				GCC_WARN_UNDECLARED_SELECTOR = YES;
				GCC_WARN_UNINITIALIZED_AUTOS = YES_AGGRESSIVE;
				GCC_WARN_UNUSED_FUNCTION = YES;
				GCC_WARN_UNUSED_VARIABLE = YES;
				IPHONEOS_DEPLOYMENT_TARGET = 17.2;
				LOCALIZATION_PREFERS_STRING_CATALOGS = YES;
				MTL_ENABLE_DEBUG_INFO = NO;
				MTL_FAST_MATH = YES;
				SDKROOT = iphoneos;
				VALIDATE_PRODUCT = YES;
			};
			name = Release;
		};
		8AAA45C42DC9A67600D2654D /* Debug */ = {
			isa = XCBuildConfiguration;
			buildSettings = {
				ASSETCATALOG_COMPILER_APPICON_NAME = AppIcon;
				ASSETCATALOG_COMPILER_GLOBAL_ACCENT_COLOR_NAME = AccentColor;
				CODE_SIGN_STYLE = Automatic;
				CURRENT_PROJECT_VERSION = 1;
				DEVELOPMENT_TEAM = YDEVQQ22JR;
				GENERATE_INFOPLIST_FILE = YES;
				INFOPLIST_FILE = TVURequestAPIDemo/Info.plist;
				INFOPLIST_KEY_UIApplicationSupportsIndirectInputEvents = YES;
				INFOPLIST_KEY_UILaunchStoryboardName = LaunchScreen;
				INFOPLIST_KEY_UIMainStoryboardFile = Main;
				INFOPLIST_KEY_UISupportedInterfaceOrientations_iPad = "UIInterfaceOrientationPortrait UIInterfaceOrientationPortraitUpsideDown UIInterfaceOrientationLandscapeLeft UIInterfaceOrientationLandscapeRight";
				INFOPLIST_KEY_UISupportedInterfaceOrientations_iPhone = "UIInterfaceOrientationPortrait UIInterfaceOrientationLandscapeLeft UIInterfaceOrientationLandscapeRight";
				IPHONEOS_DEPLOYMENT_TARGET = 13.0;
				LD_RUNPATH_SEARCH_PATHS = (
					"$(inherited)",
					"@executable_path/Frameworks",
				);
				MARKETING_VERSION = 1.0;
				PRODUCT_BUNDLE_IDENTIFIER = com.tvunetworks.TVUAnywhereLite;
				PRODUCT_NAME = "$(TARGET_NAME)";
				SWIFT_EMIT_LOC_STRINGS = YES;
				TARGETED_DEVICE_FAMILY = "1,2";
			};
			name = Debug;
		};
		8AAA45C52DC9A67600D2654D /* Release */ = {
			isa = XCBuildConfiguration;
			buildSettings = {
				ASSETCATALOG_COMPILER_APPICON_NAME = AppIcon;
				ASSETCATALOG_COMPILER_GLOBAL_ACCENT_COLOR_NAME = AccentColor;
				CODE_SIGN_STYLE = Automatic;
				CURRENT_PROJECT_VERSION = 1;
				DEVELOPMENT_TEAM = YDEVQQ22JR;
				GENERATE_INFOPLIST_FILE = YES;
				INFOPLIST_FILE = TVURequestAPIDemo/Info.plist;
				INFOPLIST_KEY_UIApplicationSupportsIndirectInputEvents = YES;
				INFOPLIST_KEY_UILaunchStoryboardName = LaunchScreen;
				INFOPLIST_KEY_UIMainStoryboardFile = Main;
				INFOPLIST_KEY_UISupportedInterfaceOrientations_iPad = "UIInterfaceOrientationPortrait UIInterfaceOrientationPortraitUpsideDown UIInterfaceOrientationLandscapeLeft UIInterfaceOrientationLandscapeRight";
				INFOPLIST_KEY_UISupportedInterfaceOrientations_iPhone = "UIInterfaceOrientationPortrait UIInterfaceOrientationLandscapeLeft UIInterfaceOrientationLandscapeRight";
				IPHONEOS_DEPLOYMENT_TARGET = 13.0;
				LD_RUNPATH_SEARCH_PATHS = (
					"$(inherited)",
					"@executable_path/Frameworks",
				);
				MARKETING_VERSION = 1.0;
				PRODUCT_BUNDLE_IDENTIFIER = com.tvunetworks.TVUAnywhereLite;
				PRODUCT_NAME = "$(TARGET_NAME)";
				SWIFT_EMIT_LOC_STRINGS = YES;
				TARGETED_DEVICE_FAMILY = "1,2";
			};
			name = Release;
		};
/* End XCBuildConfiguration section */

/* Begin XCConfigurationList section */
		2CF3183C2DE948FD00C4202C /* Build configuration list for PBXNativeTarget "TVURequestAPIDemoTests" */ = {
			isa = XCConfigurationList;
			buildConfigurations = (
				2CF3183D2DE948FD00C4202C /* Debug */,
				2CF3183E2DE948FD00C4202C /* Release */,
			);
			defaultConfigurationIsVisible = 0;
			defaultConfigurationName = Release;
		};
		8AAA45A52DC9A66E00D2654D /* Build configuration list for PBXProject "TVURequestAPIDemo" */ = {
			isa = XCConfigurationList;
			buildConfigurations = (
				8AAA45C12DC9A67600D2654D /* Debug */,
				8AAA45C22DC9A67600D2654D /* Release */,
			);
			defaultConfigurationIsVisible = 0;
			defaultConfigurationName = Release;
		};
		8AAA45C32DC9A67600D2654D /* Build configuration list for PBXNativeTarget "TVURequestAPIDemo" */ = {
			isa = XCConfigurationList;
			buildConfigurations = (
				8AAA45C42DC9A67600D2654D /* Debug */,
				8AAA45C52DC9A67600D2654D /* Release */,
			);
			defaultConfigurationIsVisible = 0;
			defaultConfigurationName = Release;
		};
/* End XCConfigurationList section */
	};
	rootObject = 8AAA45A22DC9A66E00D2654D /* Project object */;
}
