// !$*UTF8*$!
{
	archiveVersion = 1;
	classes = {
	};
	objectVersion = 77;
	objects = {

/* Begin PBXContainerItemProxy section */
		9C6773872DE9EA16004BA532 /* PBXContainerItemProxy */ = {
			isa = PBXContainerItemProxy;
			containerPortal = 9C6773692DE9EA15004BA532 /* Project object */;
			proxyType = 1;
			remoteGlobalIDString = 9C6773702DE9EA15004BA532;
			remoteInfo = MacOSDemo;
		};
		9C6773912DE9EA16004BA532 /* PBXContainerItemProxy */ = {
			isa = PBXContainerItemProxy;
			containerPortal = 9C6773692DE9EA15004BA532 /* Project object */;
			proxyType = 1;
			remoteGlobalIDString = 9C6773702DE9EA15004BA532;
			remoteInfo = MacOSDemo;
		};
/* End PBXContainerItemProxy section */

/* Begin PBXFileReference section */
		9C6773712DE9EA15004BA532 /* MacOSDemo.app */ = {isa = PBXFileReference; explicitFileType = wrapper.application; includeInIndex = 0; path = MacOSDemo.app; sourceTree = BUILT_PRODUCTS_DIR; };
		9C6773862DE9EA16004BA532 /* MacOSDemoTests.xctest */ = {isa = PBXFileReference; explicitFileType = wrapper.cfbundle; includeInIndex = 0; path = MacOSDemoTests.xctest; sourceTree = BUILT_PRODUCTS_DIR; };
		9C6773902DE9EA16004BA532 /* MacOSDemoUITests.xctest */ = {isa = PBXFileReference; explicitFileType = wrapper.cfbundle; includeInIndex = 0; path = MacOSDemoUITests.xctest; sourceTree = BUILT_PRODUCTS_DIR; };
/* End PBXFileReference section */

/* Begin PBXFileSystemSynchronizedRootGroup section */
		9C6773732DE9EA15004BA532 /* MacOSDemo */ = {
			isa = PBXFileSystemSynchronizedRootGroup;
			path = MacOSDemo;
			sourceTree = "<group>";
		};
		9C6773892DE9EA16004BA532 /* MacOSDemoTests */ = {
			isa = PBXFileSystemSynchronizedRootGroup;
			path = MacOSDemoTests;
			sourceTree = "<group>";
		};
		9C6773932DE9EA16004BA532 /* MacOSDemoUITests */ = {
			isa = PBXFileSystemSynchronizedRootGroup;
			path = MacOSDemoUITests;
			sourceTree = "<group>";
		};
/* End PBXFileSystemSynchronizedRootGroup section */

/* Begin PBXFrameworksBuildPhase section */
		9C67736E2DE9EA15004BA532 /* Frameworks */ = {
			isa = PBXFrameworksBuildPhase;
			buildActionMask = 2147483647;
			files = (
			);
			runOnlyForDeploymentPostprocessing = 0;
		};
		9C6773832DE9EA16004BA532 /* Frameworks */ = {
			isa = PBXFrameworksBuildPhase;
			buildActionMask = 2147483647;
			files = (
			);
			runOnlyForDeploymentPostprocessing = 0;
		};
		9C67738D2DE9EA16004BA532 /* Frameworks */ = {
			isa = PBXFrameworksBuildPhase;
			buildActionMask = 2147483647;
			files = (
			);
			runOnlyForDeploymentPostprocessing = 0;
		};
/* End PBXFrameworksBuildPhase section */

/* Begin PBXGroup section */
		9C6773682DE9EA15004BA532 = {
			isa = PBXGroup;
			children = (
				9C6773732DE9EA15004BA532 /* MacOSDemo */,
				9C6773892DE9EA16004BA532 /* MacOSDemoTests */,
				9C6773932DE9EA16004BA532 /* MacOSDemoUITests */,
				9C6773722DE9EA15004BA532 /* Products */,
			);
			sourceTree = "<group>";
		};
		9C6773722DE9EA15004BA532 /* Products */ = {
			isa = PBXGroup;
			children = (
				9C6773712DE9EA15004BA532 /* MacOSDemo.app */,
				9C6773862DE9EA16004BA532 /* MacOSDemoTests.xctest */,
				9C6773902DE9EA16004BA532 /* MacOSDemoUITests.xctest */,
			);
			name = Products;
			sourceTree = "<group>";
		};
/* End PBXGroup section */

/* Begin PBXNativeTarget section */
		9C6773702DE9EA15004BA532 /* MacOSDemo */ = {
			isa = PBXNativeTarget;
			buildConfigurationList = 9C67739A2DE9EA16004BA532 /* Build configuration list for PBXNativeTarget "MacOSDemo" */;
			buildPhases = (
				9C67736D2DE9EA15004BA532 /* Sources */,
				9C67736E2DE9EA15004BA532 /* Frameworks */,
				9C67736F2DE9EA15004BA532 /* Resources */,
			);
			buildRules = (
			);
			dependencies = (
			);
			fileSystemSynchronizedGroups = (
				9C6773732DE9EA15004BA532 /* MacOSDemo */,
			);
			name = MacOSDemo;
			packageProductDependencies = (
			);
			productName = MacOSDemo;
			productReference = 9C6773712DE9EA15004BA532 /* MacOSDemo.app */;
			productType = "com.apple.product-type.application";
		};
		9C6773852DE9EA16004BA532 /* MacOSDemoTests */ = {
			isa = PBXNativeTarget;
			buildConfigurationList = 9C67739D2DE9EA16004BA532 /* Build configuration list for PBXNativeTarget "MacOSDemoTests" */;
			buildPhases = (
				9C6773822DE9EA16004BA532 /* Sources */,
				9C6773832DE9EA16004BA532 /* Frameworks */,
				9C6773842DE9EA16004BA532 /* Resources */,
			);
			buildRules = (
			);
			dependencies = (
				9C6773882DE9EA16004BA532 /* PBXTargetDependency */,
			);
			fileSystemSynchronizedGroups = (
				9C6773892DE9EA16004BA532 /* MacOSDemoTests */,
			);
			name = MacOSDemoTests;
			packageProductDependencies = (
			);
			productName = MacOSDemoTests;
			productReference = 9C6773862DE9EA16004BA532 /* MacOSDemoTests.xctest */;
			productType = "com.apple.product-type.bundle.unit-test";
		};
		9C67738F2DE9EA16004BA532 /* MacOSDemoUITests */ = {
			isa = PBXNativeTarget;
			buildConfigurationList = 9C6773A02DE9EA16004BA532 /* Build configuration list for PBXNativeTarget "MacOSDemoUITests" */;
			buildPhases = (
				9C67738C2DE9EA16004BA532 /* Sources */,
				9C67738D2DE9EA16004BA532 /* Frameworks */,
				9C67738E2DE9EA16004BA532 /* Resources */,
			);
			buildRules = (
			);
			dependencies = (
				9C6773922DE9EA16004BA532 /* PBXTargetDependency */,
			);
			fileSystemSynchronizedGroups = (
				9C6773932DE9EA16004BA532 /* MacOSDemoUITests */,
			);
			name = MacOSDemoUITests;
			packageProductDependencies = (
			);
			productName = MacOSDemoUITests;
			productReference = 9C6773902DE9EA16004BA532 /* MacOSDemoUITests.xctest */;
			productType = "com.apple.product-type.bundle.ui-testing";
		};
/* End PBXNativeTarget section */

/* Begin PBXProject section */
		9C6773692DE9EA15004BA532 /* Project object */ = {
			isa = PBXProject;
			attributes = {
				BuildIndependentTargetsInParallel = 1;
				LastUpgradeCheck = 1630;
				TargetAttributes = {
					9C6773702DE9EA15004BA532 = {
						CreatedOnToolsVersion = 16.3;
					};
					9C6773852DE9EA16004BA532 = {
						CreatedOnToolsVersion = 16.3;
						TestTargetID = 9C6773702DE9EA15004BA532;
					};
					9C67738F2DE9EA16004BA532 = {
						CreatedOnToolsVersion = 16.3;
						TestTargetID = 9C6773702DE9EA15004BA532;
					};
				};
			};
			buildConfigurationList = 9C67736C2DE9EA15004BA532 /* Build configuration list for PBXProject "MacOSDemo" */;
			developmentRegion = en;
			hasScannedForEncodings = 0;
			knownRegions = (
				en,
				Base,
			);
			mainGroup = 9C6773682DE9EA15004BA532;
			minimizedProjectReferenceProxies = 1;
			preferredProjectObjectVersion = 77;
			productRefGroup = 9C6773722DE9EA15004BA532 /* Products */;
			projectDirPath = "";
			projectRoot = "";
			targets = (
				9C6773702DE9EA15004BA532 /* MacOSDemo */,
				9C6773852DE9EA16004BA532 /* MacOSDemoTests */,
				9C67738F2DE9EA16004BA532 /* MacOSDemoUITests */,
			);
		};
/* End PBXProject section */

/* Begin PBXResourcesBuildPhase section */
		9C67736F2DE9EA15004BA532 /* Resources */ = {
			isa = PBXResourcesBuildPhase;
			buildActionMask = 2147483647;
			files = (
			);
			runOnlyForDeploymentPostprocessing = 0;
		};
		9C6773842DE9EA16004BA532 /* Resources */ = {
			isa = PBXResourcesBuildPhase;
			buildActionMask = 2147483647;
			files = (
			);
			runOnlyForDeploymentPostprocessing = 0;
		};
		9C67738E2DE9EA16004BA532 /* Resources */ = {
			isa = PBXResourcesBuildPhase;
			buildActionMask = 2147483647;
			files = (
			);
			runOnlyForDeploymentPostprocessing = 0;
		};
/* End PBXResourcesBuildPhase section */

/* Begin PBXSourcesBuildPhase section */
		9C67736D2DE9EA15004BA532 /* Sources */ = {
			isa = PBXSourcesBuildPhase;
			buildActionMask = 2147483647;
			files = (
			);
			runOnlyForDeploymentPostprocessing = 0;
		};
		9C6773822DE9EA16004BA532 /* Sources */ = {
			isa = PBXSourcesBuildPhase;
			buildActionMask = 2147483647;
			files = (
			);
			runOnlyForDeploymentPostprocessing = 0;
		};
		9C67738C2DE9EA16004BA532 /* Sources */ = {
			isa = PBXSourcesBuildPhase;
			buildActionMask = 2147483647;
			files = (
			);
			runOnlyForDeploymentPostprocessing = 0;
		};
/* End PBXSourcesBuildPhase section */

/* Begin PBXTargetDependency section */
		9C6773882DE9EA16004BA532 /* PBXTargetDependency */ = {
			isa = PBXTargetDependency;
			target = 9C6773702DE9EA15004BA532 /* MacOSDemo */;
			targetProxy = 9C6773872DE9EA16004BA532 /* PBXContainerItemProxy */;
		};
		9C6773922DE9EA16004BA532 /* PBXTargetDependency */ = {
			isa = PBXTargetDependency;
			target = 9C6773702DE9EA15004BA532 /* MacOSDemo */;
			targetProxy = 9C6773912DE9EA16004BA532 /* PBXContainerItemProxy */;
		};
/* End PBXTargetDependency section */

/* Begin XCBuildConfiguration section */
		9C6773982DE9EA16004BA532 /* Debug */ = {
			isa = XCBuildConfiguration;
			buildSettings = {
				ALWAYS_SEARCH_USER_PATHS = NO;
				ASSETCATALOG_COMPILER_GENERATE_SWIFT_ASSET_SYMBOL_EXTENSIONS = YES;
				CLANG_ANALYZER_NONNULL = YES;
				CLANG_ANALYZER_NUMBER_OBJECT_CONVERSION = YES_AGGRESSIVE;
				CLANG_CXX_LANGUAGE_STANDARD = "gnu++20";
				CLANG_ENABLE_MODULES = YES;
				CLANG_ENABLE_OBJC_ARC = YES;
				CLANG_ENABLE_OBJC_WEAK = YES;
				CLANG_WARN_BLOCK_CAPTURE_AUTORELEASING = YES;
				CLANG_WARN_BOOL_CONVERSION = YES;
				CLANG_WARN_COMMA = YES;
				CLANG_WARN_CONSTANT_CONVERSION = YES;
				CLANG_WARN_DEPRECATED_OBJC_IMPLEMENTATIONS = YES;
				CLANG_WARN_DIRECT_OBJC_ISA_USAGE = YES_ERROR;
				CLANG_WARN_DOCUMENTATION_COMMENTS = YES;
				CLANG_WARN_EMPTY_BODY = YES;
				CLANG_WARN_ENUM_CONVERSION = YES;
				CLANG_WARN_INFINITE_RECURSION = YES;
				CLANG_WARN_INT_CONVERSION = YES;
				CLANG_WARN_NON_LITERAL_NULL_CONVERSION = YES;
				CLANG_WARN_OBJC_IMPLICIT_RETAIN_SELF = YES;
				CLANG_WARN_OBJC_LITERAL_CONVERSION = YES;
				CLANG_WARN_OBJC_ROOT_CLASS = YES_ERROR;
				CLANG_WARN_QUOTED_INCLUDE_IN_FRAMEWORK_HEADER = YES;
				CLANG_WARN_RANGE_LOOP_ANALYSIS = YES;
				CLANG_WARN_STRICT_PROTOTYPES = YES;
				CLANG_WARN_SUSPICIOUS_MOVE = YES;
				CLANG_WARN_UNGUARDED_AVAILABILITY = YES_AGGRESSIVE;
				CLANG_WARN_UNREACHABLE_CODE = YES;
				CLANG_WARN__DUPLICATE_METHOD_MATCH = YES;
				COPY_PHASE_STRIP = NO;
				DEBUG_INFORMATION_FORMAT = dwarf;
				ENABLE_STRICT_OBJC_MSGSEND = YES;
				ENABLE_TESTABILITY = YES;
				ENABLE_USER_SCRIPT_SANDBOXING = YES;
				GCC_C_LANGUAGE_STANDARD = gnu17;
				GCC_DYNAMIC_NO_PIC = NO;
				GCC_NO_COMMON_BLOCKS = YES;
				GCC_OPTIMIZATION_LEVEL = 0;
				GCC_PREPROCESSOR_DEFINITIONS = (
					"DEBUG=1",
					"$(inherited)",
				);
				GCC_WARN_64_TO_32_BIT_CONVERSION = YES;
				GCC_WARN_ABOUT_RETURN_TYPE = YES_ERROR;
				GCC_WARN_UNDECLARED_SELECTOR = YES;
				GCC_WARN_UNINITIALIZED_AUTOS = YES_AGGRESSIVE;
				GCC_WARN_UNUSED_FUNCTION = YES;
				GCC_WARN_UNUSED_VARIABLE = YES;
				LOCALIZATION_PREFERS_STRING_CATALOGS = YES;
				MACOSX_DEPLOYMENT_TARGET = 15.2;
				MTL_ENABLE_DEBUG_INFO = INCLUDE_SOURCE;
				MTL_FAST_MATH = YES;
				ONLY_ACTIVE_ARCH = YES;
				SDKROOT = macosx;
			};
			name = Debug;
		};
		9C6773992DE9EA16004BA532 /* Release */ = {
			isa = XCBuildConfiguration;
			buildSettings = {
				ALWAYS_SEARCH_USER_PATHS = NO;
				ASSETCATALOG_COMPILER_GENERATE_SWIFT_ASSET_SYMBOL_EXTENSIONS = YES;
				CLANG_ANALYZER_NONNULL = YES;
				CLANG_ANALYZER_NUMBER_OBJECT_CONVERSION = YES_AGGRESSIVE;
				CLANG_CXX_LANGUAGE_STANDARD = "gnu++20";
				CLANG_ENABLE_MODULES = YES;
				CLANG_ENABLE_OBJC_ARC = YES;
				CLANG_ENABLE_OBJC_WEAK = YES;
				CLANG_WARN_BLOCK_CAPTURE_AUTORELEASING = YES;
				CLANG_WARN_BOOL_CONVERSION = YES;
				CLANG_WARN_COMMA = YES;
				CLANG_WARN_CONSTANT_CONVERSION = YES;
				CLANG_WARN_DEPRECATED_OBJC_IMPLEMENTATIONS = YES;
				CLANG_WARN_DIRECT_OBJC_ISA_USAGE = YES_ERROR;
				CLANG_WARN_DOCUMENTATION_COMMENTS = YES;
				CLANG_WARN_EMPTY_BODY = YES;
				CLANG_WARN_ENUM_CONVERSION = YES;
				CLANG_WARN_INFINITE_RECURSION = YES;
				CLANG_WARN_INT_CONVERSION = YES;
				CLANG_WARN_NON_LITERAL_NULL_CONVERSION = YES;
				CLANG_WARN_OBJC_IMPLICIT_RETAIN_SELF = YES;
				CLANG_WARN_OBJC_LITERAL_CONVERSION = YES;
				CLANG_WARN_OBJC_ROOT_CLASS = YES_ERROR;
				CLANG_WARN_QUOTED_INCLUDE_IN_FRAMEWORK_HEADER = YES;
				CLANG_WARN_RANGE_LOOP_ANALYSIS = YES;
				CLANG_WARN_STRICT_PROTOTYPES = YES;
				CLANG_WARN_SUSPICIOUS_MOVE = YES;
				CLANG_WARN_UNGUARDED_AVAILABILITY = YES_AGGRESSIVE;
				CLANG_WARN_UNREACHABLE_CODE = YES;
				CLANG_WARN__DUPLICATE_METHOD_MATCH = YES;
				COPY_PHASE_STRIP = NO;
				DEBUG_INFORMATION_FORMAT = "dwarf-with-dsym";
				ENABLE_NS_ASSERTIONS = NO;
				ENABLE_STRICT_OBJC_MSGSEND = YES;
				ENABLE_USER_SCRIPT_SANDBOXING = YES;
				GCC_C_LANGUAGE_STANDARD = gnu17;
				GCC_NO_COMMON_BLOCKS = YES;
				GCC_WARN_64_TO_32_BIT_CONVERSION = YES;
				GCC_WARN_ABOUT_RETURN_TYPE = YES_ERROR;
				GCC_WARN_UNDECLARED_SELECTOR = YES;
				GCC_WARN_UNINITIALIZED_AUTOS = YES_AGGRESSIVE;
				GCC_WARN_UNUSED_FUNCTION = YES;
				GCC_WARN_UNUSED_VARIABLE = YES;
				LOCALIZATION_PREFERS_STRING_CATALOGS = YES;
				MACOSX_DEPLOYMENT_TARGET = 15.2;
				MTL_ENABLE_DEBUG_INFO = NO;
				MTL_FAST_MATH = YES;
				SDKROOT = macosx;
			};
			name = Release;
		};
		9C67739B2DE9EA16004BA532 /* Debug */ = {
			isa = XCBuildConfiguration;
			buildSettings = {
				ASSETCATALOG_COMPILER_APPICON_NAME = AppIcon;
				ASSETCATALOG_COMPILER_GLOBAL_ACCENT_COLOR_NAME = AccentColor;
				CODE_SIGN_ENTITLEMENTS = MacOSDemo/MacOSDemo.entitlements;
				CODE_SIGN_STYLE = Automatic;
				COMBINE_HIDPI_IMAGES = YES;
				CURRENT_PROJECT_VERSION = 1;
				GENERATE_INFOPLIST_FILE = YES;
				INFOPLIST_KEY_NSHumanReadableCopyright = "";
				INFOPLIST_KEY_NSMainStoryboardFile = Main;
				INFOPLIST_KEY_NSPrincipalClass = NSApplication;
				LD_RUNPATH_SEARCH_PATHS = (
					"$(inherited)",
					"@executable_path/../Frameworks",
				);
				MARKETING_VERSION = 1.0;
				PRODUCT_BUNDLE_IDENTIFIER = app.MacOSDemo;
				PRODUCT_NAME = "$(TARGET_NAME)";
				REGISTER_APP_GROUPS = YES;
				SWIFT_EMIT_LOC_STRINGS = YES;
			};
			name = Debug;
		};
		9C67739C2DE9EA16004BA532 /* Release */ = {
			isa = XCBuildConfiguration;
			buildSettings = {
				ASSETCATALOG_COMPILER_APPICON_NAME = AppIcon;
				ASSETCATALOG_COMPILER_GLOBAL_ACCENT_COLOR_NAME = AccentColor;
				CODE_SIGN_ENTITLEMENTS = MacOSDemo/MacOSDemo.entitlements;
				CODE_SIGN_STYLE = Automatic;
				COMBINE_HIDPI_IMAGES = YES;
				CURRENT_PROJECT_VERSION = 1;
				GENERATE_INFOPLIST_FILE = YES;
				INFOPLIST_KEY_NSHumanReadableCopyright = "";
				INFOPLIST_KEY_NSMainStoryboardFile = Main;
				INFOPLIST_KEY_NSPrincipalClass = NSApplication;
				LD_RUNPATH_SEARCH_PATHS = (
					"$(inherited)",
					"@executable_path/../Frameworks",
				);
				MARKETING_VERSION = 1.0;
				PRODUCT_BUNDLE_IDENTIFIER = app.MacOSDemo;
				PRODUCT_NAME = "$(TARGET_NAME)";
				REGISTER_APP_GROUPS = YES;
				SWIFT_EMIT_LOC_STRINGS = YES;
			};
			name = Release;
		};
		9C67739E2DE9EA16004BA532 /* Debug */ = {
			isa = XCBuildConfiguration;
			buildSettings = {
				BUNDLE_LOADER = "$(TEST_HOST)";
				CODE_SIGN_STYLE = Automatic;
				CURRENT_PROJECT_VERSION = 1;
				GENERATE_INFOPLIST_FILE = YES;
				MACOSX_DEPLOYMENT_TARGET = 15.2;
				MARKETING_VERSION = 1.0;
				PRODUCT_BUNDLE_IDENTIFIER = app.MacOSDemoTests;
				PRODUCT_NAME = "$(TARGET_NAME)";
				SWIFT_EMIT_LOC_STRINGS = NO;
				TEST_HOST = "$(BUILT_PRODUCTS_DIR)/MacOSDemo.app/$(BUNDLE_EXECUTABLE_FOLDER_PATH)/MacOSDemo";
			};
			name = Debug;
		};
		9C67739F2DE9EA16004BA532 /* Release */ = {
			isa = XCBuildConfiguration;
			buildSettings = {
				BUNDLE_LOADER = "$(TEST_HOST)";
				CODE_SIGN_STYLE = Automatic;
				CURRENT_PROJECT_VERSION = 1;
				GENERATE_INFOPLIST_FILE = YES;
				MACOSX_DEPLOYMENT_TARGET = 15.2;
				MARKETING_VERSION = 1.0;
				PRODUCT_BUNDLE_IDENTIFIER = app.MacOSDemoTests;
				PRODUCT_NAME = "$(TARGET_NAME)";
				SWIFT_EMIT_LOC_STRINGS = NO;
				TEST_HOST = "$(BUILT_PRODUCTS_DIR)/MacOSDemo.app/$(BUNDLE_EXECUTABLE_FOLDER_PATH)/MacOSDemo";
			};
			name = Release;
		};
		9C6773A12DE9EA16004BA532 /* Debug */ = {
			isa = XCBuildConfiguration;
			buildSettings = {
				CODE_SIGN_STYLE = Automatic;
				CURRENT_PROJECT_VERSION = 1;
				GENERATE_INFOPLIST_FILE = YES;
				MARKETING_VERSION = 1.0;
				PRODUCT_BUNDLE_IDENTIFIER = app.MacOSDemoUITests;
				PRODUCT_NAME = "$(TARGET_NAME)";
				SWIFT_EMIT_LOC_STRINGS = NO;
				TEST_TARGET_NAME = MacOSDemo;
			};
			name = Debug;
		};
		9C6773A22DE9EA16004BA532 /* Release */ = {
			isa = XCBuildConfiguration;
			buildSettings = {
				CODE_SIGN_STYLE = Automatic;
				CURRENT_PROJECT_VERSION = 1;
				GENERATE_INFOPLIST_FILE = YES;
				MARKETING_VERSION = 1.0;
				PRODUCT_BUNDLE_IDENTIFIER = app.MacOSDemoUITests;
				PRODUCT_NAME = "$(TARGET_NAME)";
				SWIFT_EMIT_LOC_STRINGS = NO;
				TEST_TARGET_NAME = MacOSDemo;
			};
			name = Release;
		};
/* End XCBuildConfiguration section */

/* Begin XCConfigurationList section */
		9C67736C2DE9EA15004BA532 /* Build configuration list for PBXProject "MacOSDemo" */ = {
			isa = XCConfigurationList;
			buildConfigurations = (
				9C6773982DE9EA16004BA532 /* Debug */,
				9C6773992DE9EA16004BA532 /* Release */,
			);
			defaultConfigurationIsVisible = 0;
			defaultConfigurationName = Release;
		};
		9C67739A2DE9EA16004BA532 /* Build configuration list for PBXNativeTarget "MacOSDemo" */ = {
			isa = XCConfigurationList;
			buildConfigurations = (
				9C67739B2DE9EA16004BA532 /* Debug */,
				9C67739C2DE9EA16004BA532 /* Release */,
			);
			defaultConfigurationIsVisible = 0;
			defaultConfigurationName = Release;
		};
		9C67739D2DE9EA16004BA532 /* Build configuration list for PBXNativeTarget "MacOSDemoTests" */ = {
			isa = XCConfigurationList;
			buildConfigurations = (
				9C67739E2DE9EA16004BA532 /* Debug */,
				9C67739F2DE9EA16004BA532 /* Release */,
			);
			defaultConfigurationIsVisible = 0;
			defaultConfigurationName = Release;
		};
		9C6773A02DE9EA16004BA532 /* Build configuration list for PBXNativeTarget "MacOSDemoUITests" */ = {
			isa = XCConfigurationList;
			buildConfigurations = (
				9C6773A12DE9EA16004BA532 /* Debug */,
				9C6773A22DE9EA16004BA532 /* Release */,
			);
			defaultConfigurationIsVisible = 0;
			defaultConfigurationName = Release;
		};
/* End XCConfigurationList section */
	};
	rootObject = 9C6773692DE9EA15004BA532 /* Project object */;
}
